// !$*UTF8*$!
{
	archiveVersion = 1;
	classes = {
	};
	objectVersion = 55;
	objects = {

/* Begin PBXBuildFile section */
		310ECF90D3E721C413CDD3DE /* Pods_bunjang_ios_day.framework in Frameworks */ = {isa = PBXBuildFile; fileRef = 8E2B99942B7CF8F5110B7E8C /* Pods_bunjang_ios_day.framework */; };
		6305E06F28BCCF9D0042ED54 /* SmallCollectionViewCell.swift in Sources */ = {isa = PBXBuildFile; fileRef = 6305E06D28BCCF9D0042ED54 /* SmallCollectionViewCell.swift */; };
		6305E07028BCCF9D0042ED54 /* SmallCollectionViewCell.xib in Resources */ = {isa = PBXBuildFile; fileRef = 6305E06E28BCCF9D0042ED54 /* SmallCollectionViewCell.xib */; };
		6305E07228BCD8EB0042ED54 /* MyPageViewController.swift in Sources */ = {isa = PBXBuildFile; fileRef = 6305E07128BCD8EB0042ED54 /* MyPageViewController.swift */; };
		6314201F28B51BDE00F2D62A /* Home.storyboard in Resources */ = {isa = PBXBuildFile; fileRef = 6314201E28B51BDE00F2D62A /* Home.storyboard */; };
		6314202928B51D0E00F2D62A /* Section1CollectionViewCell.swift in Sources */ = {isa = PBXBuildFile; fileRef = 6314202728B51D0E00F2D62A /* Section1CollectionViewCell.swift */; };
		6314202A28B51D0E00F2D62A /* Section1CollectionViewCell.xib in Resources */ = {isa = PBXBuildFile; fileRef = 6314202828B51D0E00F2D62A /* Section1CollectionViewCell.xib */; };
		6314203528B51D5700F2D62A /* Section2CollectionViewCell.swift in Sources */ = {isa = PBXBuildFile; fileRef = 6314203328B51D5700F2D62A /* Section2CollectionViewCell.swift */; };
		6314203628B51D5700F2D62A /* Section2CollectionViewCell.xib in Resources */ = {isa = PBXBuildFile; fileRef = 6314203428B51D5700F2D62A /* Section2CollectionViewCell.xib */; };
		6314203928B51D6A00F2D62A /* Section3CollectionViewCell.swift in Sources */ = {isa = PBXBuildFile; fileRef = 6314203728B51D6A00F2D62A /* Section3CollectionViewCell.swift */; };
		6314203A28B51D6A00F2D62A /* Section3CollectionViewCell.xib in Resources */ = {isa = PBXBuildFile; fileRef = 6314203828B51D6A00F2D62A /* Section3CollectionViewCell.xib */; };
		6314203D28B51D8300F2D62A /* Section4CollectionViewCell.swift in Sources */ = {isa = PBXBuildFile; fileRef = 6314203B28B51D8300F2D62A /* Section4CollectionViewCell.swift */; };
		6314203E28B51D8300F2D62A /* Section4CollectionViewCell.xib in Resources */ = {isa = PBXBuildFile; fileRef = 6314203C28B51D8300F2D62A /* Section4CollectionViewCell.xib */; };
		6314204128B51E1800F2D62A /* SmallMenuCollectionViewCell.swift in Sources */ = {isa = PBXBuildFile; fileRef = 6314203F28B51E1800F2D62A /* SmallMenuCollectionViewCell.swift */; };
		6314204228B51E1800F2D62A /* SmallMenuCollectionViewCell.xib in Resources */ = {isa = PBXBuildFile; fileRef = 6314204028B51E1800F2D62A /* SmallMenuCollectionViewCell.xib */; };
		6314204428B5205400F2D62A /* MainCollectionViewController.swift in Sources */ = {isa = PBXBuildFile; fileRef = 6314204328B5205400F2D62A /* MainCollectionViewController.swift */; };
		6314204628B5219700F2D62A /* AllMenus.storyboard in Resources */ = {isa = PBXBuildFile; fileRef = 6314204528B5219700F2D62A /* AllMenus.storyboard */; };
		6318DA4828C08DC300F51923 /* DetailStoreResponse.swift in Sources */ = {isa = PBXBuildFile; fileRef = 6318DA4728C08DC300F51923 /* DetailStoreResponse.swift */; };
		6318DA4A28C08E6D00F51923 /* DetailStoreDataManager.swift in Sources */ = {isa = PBXBuildFile; fileRef = 6318DA4928C08E6D00F51923 /* DetailStoreDataManager.swift */; };
		6318DA4C28C097DE00F51923 /* DetailStoreViewController.swift in Sources */ = {isa = PBXBuildFile; fileRef = 6318DA4B28C097DE00F51923 /* DetailStoreViewController.swift */; };
		63290F1E28B3EA070010E120 /* Constants.swift in Sources */ = {isa = PBXBuildFile; fileRef = 63290F1D28B3EA070010E120 /* Constants.swift */; };
		63290F2028B3F3D90010E120 /* UIView.swift in Sources */ = {isa = PBXBuildFile; fileRef = 63290F1F28B3F3D90010E120 /* UIView.swift */; };
		6329F8CC28B3B73C0003A2B7 /* Image.swift in Sources */ = {isa = PBXBuildFile; fileRef = 6329F8CB28B3B73C0003A2B7 /* Image.swift */; };
		63331CB528B6255E00E8FF09 /* SignUpDataManager.swift in Sources */ = {isa = PBXBuildFile; fileRef = 63331CB428B6255E00E8FF09 /* SignUpDataManager.swift */; };
		63331CB728B6257300E8FF09 /* SignInDataManager.swift in Sources */ = {isa = PBXBuildFile; fileRef = 63331CB628B6257300E8FF09 /* SignInDataManager.swift */; };
		63331CBB28B625CA00E8FF09 /* SignUpRequest.swift in Sources */ = {isa = PBXBuildFile; fileRef = 63331CBA28B625CA00E8FF09 /* SignUpRequest.swift */; };
		63331CBD28B625E300E8FF09 /* SignUpResponse.swift in Sources */ = {isa = PBXBuildFile; fileRef = 63331CBC28B625E300E8FF09 /* SignUpResponse.swift */; };
		63356F1128C0D80100AD2DD3 /* RootViewController.swift in Sources */ = {isa = PBXBuildFile; fileRef = 63356F1028C0D80100AD2DD3 /* RootViewController.swift */; };
		63356F1328C1077A00AD2DD3 /* UpdateProductResponse.swift in Sources */ = {isa = PBXBuildFile; fileRef = 63356F1228C1077A00AD2DD3 /* UpdateProductResponse.swift */; };
		63356F1528C1080200AD2DD3 /* UpdateProductRequest.swift in Sources */ = {isa = PBXBuildFile; fileRef = 63356F1428C1080200AD2DD3 /* UpdateProductRequest.swift */; };
		63356F1728C1090400AD2DD3 /* UpdateProductDataManager.swift in Sources */ = {isa = PBXBuildFile; fileRef = 63356F1628C1090400AD2DD3 /* UpdateProductDataManager.swift */; };
		63356F1B28C124C300AD2DD3 /* HomeFeedResponse.swift in Sources */ = {isa = PBXBuildFile; fileRef = 63356F1A28C124C300AD2DD3 /* HomeFeedResponse.swift */; };
		63356F1D28C1270400AD2DD3 /* HomeFeedDataManager.swift in Sources */ = {isa = PBXBuildFile; fileRef = 63356F1C28C1270400AD2DD3 /* HomeFeedDataManager.swift */; };
		63356F2128C191B200AD2DD3 /* SettingAddressViewController.swift in Sources */ = {isa = PBXBuildFile; fileRef = 63356F2028C191B200AD2DD3 /* SettingAddressViewController.swift */; };
		633D32B128C0A82A0011238A /* ProfileGalleryViewController.swift in Sources */ = {isa = PBXBuildFile; fileRef = 633D32AF28C0A82A0011238A /* ProfileGalleryViewController.swift */; };
		633D32B228C0A82A0011238A /* ProfileGalleryViewController.xib in Resources */ = {isa = PBXBuildFile; fileRef = 633D32B028C0A82A0011238A /* ProfileGalleryViewController.xib */; };
		633D32B528C0AA600011238A /* SmallPhotoCollectionViewCell.swift in Sources */ = {isa = PBXBuildFile; fileRef = 633D32B328C0AA600011238A /* SmallPhotoCollectionViewCell.swift */; };
		633D32B628C0AA600011238A /* SmallPhotoCollectionViewCell.xib in Resources */ = {isa = PBXBuildFile; fileRef = 633D32B428C0AA600011238A /* SmallPhotoCollectionViewCell.xib */; };
		633D32BA28C0B46B0011238A /* UpdateStoreResponse.swift in Sources */ = {isa = PBXBuildFile; fileRef = 633D32B928C0B46B0011238A /* UpdateStoreResponse.swift */; };
		633D32BC28C0B4760011238A /* UpdateStoreRequest.swift in Sources */ = {isa = PBXBuildFile; fileRef = 633D32BB28C0B4760011238A /* UpdateStoreRequest.swift */; };
		633D32BE28C0B5590011238A /* UpdateStoreDataManager.swift in Sources */ = {isa = PBXBuildFile; fileRef = 633D32BD28C0B5590011238A /* UpdateStoreDataManager.swift */; };
		633FD31728C195CC00B3F919 /* SettingPayViewController.swift in Sources */ = {isa = PBXBuildFile; fileRef = 633FD31628C195CC00B3F919 /* SettingPayViewController.swift */; };
		633FD31928C1977A00B3F919 /* SettingBlockViewController.swift in Sources */ = {isa = PBXBuildFile; fileRef = 633FD31828C1977A00B3F919 /* SettingBlockViewController.swift */; };
		634135A928B8D02B00970C64 /* GallaryViewController.swift in Sources */ = {isa = PBXBuildFile; fileRef = 634135A728B8D02B00970C64 /* GallaryViewController.swift */; };
		634135AA28B8D02B00970C64 /* GallaryViewController.xib in Resources */ = {isa = PBXBuildFile; fileRef = 634135A828B8D02B00970C64 /* GallaryViewController.xib */; };
		634135AE28B92CEC00970C64 /* RegistrationRequest.swift in Sources */ = {isa = PBXBuildFile; fileRef = 634135AD28B92CEC00970C64 /* RegistrationRequest.swift */; };
		634135B028B92D5D00970C64 /* RegistrationResponse.swift in Sources */ = {isa = PBXBuildFile; fileRef = 634135AF28B92D5D00970C64 /* RegistrationResponse.swift */; };
		634135B228B92E5C00970C64 /* RegistrationDataManager.swift in Sources */ = {isa = PBXBuildFile; fileRef = 634135B128B92E5C00970C64 /* RegistrationDataManager.swift */; };
		634135B628B9341600970C64 /* GoogleService-Info.plist in Resources */ = {isa = PBXBuildFile; fileRef = 634135B528B9341600970C64 /* GoogleService-Info.plist */; };
		634135B828B9378F00970C64 /* FirebaseStorageManager.swift in Sources */ = {isa = PBXBuildFile; fileRef = 634135B728B9378F00970C64 /* FirebaseStorageManager.swift */; };
		634135BA28B9381C00970C64 /* Date.swift in Sources */ = {isa = PBXBuildFile; fileRef = 634135B928B9381C00970C64 /* Date.swift */; };
		634141BB28B27FB600A0A78B /* LoginViewController.swift in Sources */ = {isa = PBXBuildFile; fileRef = 634141BA28B27FB600A0A78B /* LoginViewController.swift */; };
		635051DF28B5DDBC003D79AA /* OtherLoginViewController.swift in Sources */ = {isa = PBXBuildFile; fileRef = 635051DE28B5DDBC003D79AA /* OtherLoginViewController.swift */; };
		6361DBF828B8B703005BEB5C /* PhotoCollectionViewCell.swift in Sources */ = {isa = PBXBuildFile; fileRef = 6361DBF628B8B703005BEB5C /* PhotoCollectionViewCell.swift */; };
		6361DBF928B8B703005BEB5C /* PhotoCollectionViewCell.xib in Resources */ = {isa = PBXBuildFile; fileRef = 6361DBF728B8B703005BEB5C /* PhotoCollectionViewCell.xib */; };
		6374436428BFE1FC002DEE65 /* TalkViewController.swift in Sources */ = {isa = PBXBuildFile; fileRef = 6374436328BFE1FC002DEE65 /* TalkViewController.swift */; };
		63764EC328BE2653006CA4CD /* MyPageTableViewCell.swift in Sources */ = {isa = PBXBuildFile; fileRef = 63764EC128BE2653006CA4CD /* MyPageTableViewCell.swift */; };
		63764EC428BE2653006CA4CD /* MyPageTableViewCell.xib in Resources */ = {isa = PBXBuildFile; fileRef = 63764EC228BE2653006CA4CD /* MyPageTableViewCell.xib */; };
		63764EC628BE2A8F006CA4CD /* SalesResponse.swift in Sources */ = {isa = PBXBuildFile; fileRef = 63764EC528BE2A8F006CA4CD /* SalesResponse.swift */; };
		63764EC828BE2AD6006CA4CD /* SalesDataManager.swift in Sources */ = {isa = PBXBuildFile; fileRef = 63764EC728BE2AD6006CA4CD /* SalesDataManager.swift */; };
		63764ECB28BE360E006CA4CD /* EmptyMyPageTableViewCell.swift in Sources */ = {isa = PBXBuildFile; fileRef = 63764EC928BE360E006CA4CD /* EmptyMyPageTableViewCell.swift */; };
		63764ECC28BE360E006CA4CD /* EmptyMyPageTableViewCell.xib in Resources */ = {isa = PBXBuildFile; fileRef = 63764ECA28BE360E006CA4CD /* EmptyMyPageTableViewCell.xib */; };
		63764ECE28BE38B7006CA4CD /* ReservedResponse.swift in Sources */ = {isa = PBXBuildFile; fileRef = 63764ECD28BE38B7006CA4CD /* ReservedResponse.swift */; };
		63764ED028BE3922006CA4CD /* ReservedDataManager.swift in Sources */ = {isa = PBXBuildFile; fileRef = 63764ECF28BE3922006CA4CD /* ReservedDataManager.swift */; };
		63764ED228BE554B006CA4CD /* ClosedResponse.swift in Sources */ = {isa = PBXBuildFile; fileRef = 63764ED128BE554B006CA4CD /* ClosedResponse.swift */; };
		63764ED428BE5583006CA4CD /* ClosedDataManager.swift in Sources */ = {isa = PBXBuildFile; fileRef = 63764ED328BE5583006CA4CD /* ClosedDataManager.swift */; };
		6378813D28BBB94A00875C31 /* Registeration.storyboard in Resources */ = {isa = PBXBuildFile; fileRef = 6378813C28BBB94A00875C31 /* Registeration.storyboard */; };
		6378814528BBBDEF00875C31 /* ProductSection1CollectionViewCell.swift in Sources */ = {isa = PBXBuildFile; fileRef = 6378814328BBBDEF00875C31 /* ProductSection1CollectionViewCell.swift */; };
		6378814628BBBDEF00875C31 /* ProductSection1CollectionViewCell.xib in Resources */ = {isa = PBXBuildFile; fileRef = 6378814428BBBDEF00875C31 /* ProductSection1CollectionViewCell.xib */; };
		6378814928BBBE3500875C31 /* ProductSection2CollectionViewCell.swift in Sources */ = {isa = PBXBuildFile; fileRef = 6378814728BBBE3500875C31 /* ProductSection2CollectionViewCell.swift */; };
		6378814A28BBBE3500875C31 /* ProductSection2CollectionViewCell.xib in Resources */ = {isa = PBXBuildFile; fileRef = 6378814828BBBE3500875C31 /* ProductSection2CollectionViewCell.xib */; };
		6378814D28BBBE4600875C31 /* ProductSection3CollectionViewCell.swift in Sources */ = {isa = PBXBuildFile; fileRef = 6378814B28BBBE4600875C31 /* ProductSection3CollectionViewCell.swift */; };
		6378814E28BBBE4600875C31 /* ProductSection3CollectionViewCell.xib in Resources */ = {isa = PBXBuildFile; fileRef = 6378814C28BBBE4600875C31 /* ProductSection3CollectionViewCell.xib */; };
		6378815028BBBF8C00875C31 /* DetailViewController.swift in Sources */ = {isa = PBXBuildFile; fileRef = 6378814F28BBBF8C00875C31 /* DetailViewController.swift */; };
		6378815328BBCFE100875C31 /* ProductSection4CollectionViewCell.swift in Sources */ = {isa = PBXBuildFile; fileRef = 6378815128BBCFE100875C31 /* ProductSection4CollectionViewCell.swift */; };
		6378815428BBCFE100875C31 /* ProductSection4CollectionViewCell.xib in Resources */ = {isa = PBXBuildFile; fileRef = 6378815228BBCFE100875C31 /* ProductSection4CollectionViewCell.xib */; };
		639287B428BF2D5D00CC19A3 /* RegisteredProductResponse.swift in Sources */ = {isa = PBXBuildFile; fileRef = 639287B328BF2D5D00CC19A3 /* RegisteredProductResponse.swift */; };
		639287B628BF2ED400CC19A3 /* RegisteredProductDataManager.swift in Sources */ = {isa = PBXBuildFile; fileRef = 639287B528BF2ED400CC19A3 /* RegisteredProductDataManager.swift */; };
		639287B928BF3BC200CC19A3 /* SettingViewController.swift in Sources */ = {isa = PBXBuildFile; fileRef = 639287B828BF3BC200CC19A3 /* SettingViewController.swift */; };
		639287BC28BF405900CC19A3 /* SettingTableViewCell.swift in Sources */ = {isa = PBXBuildFile; fileRef = 639287BA28BF405900CC19A3 /* SettingTableViewCell.swift */; };
		639287BD28BF405900CC19A3 /* SettingTableViewCell.xib in Resources */ = {isa = PBXBuildFile; fileRef = 639287BB28BF405900CC19A3 /* SettingTableViewCell.xib */; };
		639287C028BF5E2800CC19A3 /* Section2ViewController.swift in Sources */ = {isa = PBXBuildFile; fileRef = 639287BF28BF5E2800CC19A3 /* Section2ViewController.swift */; };
		639287C628BFB88200CC19A3 /* DeleteProductResponse.swift in Sources */ = {isa = PBXBuildFile; fileRef = 639287C528BFB88200CC19A3 /* DeleteProductResponse.swift */; };
		639287C828BFB8CE00CC19A3 /* DeleteProductDataManager.swift in Sources */ = {isa = PBXBuildFile; fileRef = 639287C728BFB8CE00CC19A3 /* DeleteProductDataManager.swift */; };
		639287CB28BFC2EE00CC19A3 /* AccountSettingsViewController.swift in Sources */ = {isa = PBXBuildFile; fileRef = 639287CA28BFC2EE00CC19A3 /* AccountSettingsViewController.swift */; };
		639287D328BFC83E00CC19A3 /* Search.storyboard in Resources */ = {isa = PBXBuildFile; fileRef = 639287D228BFC83E00CC19A3 /* Search.storyboard */; };
		639287D528BFC87F00CC19A3 /* Talk.storyboard in Resources */ = {isa = PBXBuildFile; fileRef = 639287D428BFC87F00CC19A3 /* Talk.storyboard */; };
		639287D928BFCC7300CC19A3 /* SearchCollectionViewCell.swift in Sources */ = {isa = PBXBuildFile; fileRef = 639287D728BFCC7300CC19A3 /* SearchCollectionViewCell.swift */; };
		639287DA28BFCC7300CC19A3 /* SearchCollectionViewCell.xib in Resources */ = {isa = PBXBuildFile; fileRef = 639287D828BFCC7300CC19A3 /* SearchCollectionViewCell.xib */; };
		639287DC28BFD07D00CC19A3 /* SearchViewController.swift in Sources */ = {isa = PBXBuildFile; fileRef = 639287DB28BFD07D00CC19A3 /* SearchViewController.swift */; };
		63A3BEF628B4CB830055244C /* AllMenusViewController.swift in Sources */ = {isa = PBXBuildFile; fileRef = 63A3BEF528B4CB830055244C /* AllMenusViewController.swift */; };
		63A3BEF828B4CB9E0055244C /* AllMenuPagerViewController.swift in Sources */ = {isa = PBXBuildFile; fileRef = 63A3BEF728B4CB9E0055244C /* AllMenuPagerViewController.swift */; };
		63A3BEFB28B4CBC60055244C /* CategoriesViewController.swift in Sources */ = {isa = PBXBuildFile; fileRef = 63A3BEFA28B4CBC60055244C /* CategoriesViewController.swift */; };
		63A3BEFD28B4CBEF0055244C /* BrandsViewController.swift in Sources */ = {isa = PBXBuildFile; fileRef = 63A3BEFC28B4CBEF0055244C /* BrandsViewController.swift */; };
		63A3BEFF28B4CC0D0055244C /* ServiceViewController.swift in Sources */ = {isa = PBXBuildFile; fileRef = 63A3BEFE28B4CC0D0055244C /* ServiceViewController.swift */; };
		63AD32C928B36CF70093204C /* ProductCollectionViewCell.swift in Sources */ = {isa = PBXBuildFile; fileRef = 63AD32C728B36CF70093204C /* ProductCollectionViewCell.swift */; };
		63AD32CA28B36CF70093204C /* ProductCollectionViewCell.xib in Resources */ = {isa = PBXBuildFile; fileRef = 63AD32C828B36CF70093204C /* ProductCollectionViewCell.xib */; };
		63B5398228B098F700D8FF4A /* AppDelegate.swift in Sources */ = {isa = PBXBuildFile; fileRef = 63B5398128B098F700D8FF4A /* AppDelegate.swift */; };
		63B5398428B098F700D8FF4A /* SceneDelegate.swift in Sources */ = {isa = PBXBuildFile; fileRef = 63B5398328B098F700D8FF4A /* SceneDelegate.swift */; };
		63B5398628B098F700D8FF4A /* ViewController.swift in Sources */ = {isa = PBXBuildFile; fileRef = 63B5398528B098F700D8FF4A /* ViewController.swift */; };
		63B5398928B098F700D8FF4A /* Main.storyboard in Resources */ = {isa = PBXBuildFile; fileRef = 63B5398728B098F700D8FF4A /* Main.storyboard */; };
		63B5398E28B098F700D8FF4A /* LaunchScreen.storyboard in Resources */ = {isa = PBXBuildFile; fileRef = 63B5398C28B098F700D8FF4A /* LaunchScreen.storyboard */; };
		63B5399A28B13B9700D8FF4A /* SignUpViewController.swift in Sources */ = {isa = PBXBuildFile; fileRef = 63B5399928B13B9700D8FF4A /* SignUpViewController.swift */; };
		63B5399C28B2083300D8FF4A /* Assets.xcassets in Resources */ = {isa = PBXBuildFile; fileRef = 63B5399B28B2083300D8FF4A /* Assets.xcassets */; };
		63B539A328B24EDA00D8FF4A /* UIViewController.swift in Sources */ = {isa = PBXBuildFile; fileRef = 63B539A228B24EDA00D8FF4A /* UIViewController.swift */; };
		63B5B81E28BDCA8C00B3B33E /* MyPageTabbarViewController.swift in Sources */ = {isa = PBXBuildFile; fileRef = 63B5B81D28BDCA8C00B3B33E /* MyPageTabbarViewController.swift */; };
		63B5B82028BDCBA100B3B33E /* SalesViewController.swift in Sources */ = {isa = PBXBuildFile; fileRef = 63B5B81F28BDCBA100B3B33E /* SalesViewController.swift */; };
		63B5B82228BDCC8000B3B33E /* ReservedViewController.swift in Sources */ = {isa = PBXBuildFile; fileRef = 63B5B82128BDCC8000B3B33E /* ReservedViewController.swift */; };
		63B5B82428BDCCE600B3B33E /* ClosedViewController.swift in Sources */ = {isa = PBXBuildFile; fileRef = 63B5B82328BDCCE600B3B33E /* ClosedViewController.swift */; };
		63B5B83128BDF28200B3B33E /* CountResponse.swift in Sources */ = {isa = PBXBuildFile; fileRef = 63B5B83028BDF28200B3B33E /* CountResponse.swift */; };
		63B5B83328BDF71700B3B33E /* MyPageCountDataManager.swift in Sources */ = {isa = PBXBuildFile; fileRef = 63B5B83228BDF71700B3B33E /* MyPageCountDataManager.swift */; };
		63B7910228B5F21300C76A1A /* HalfModalPresentationController.swift in Sources */ = {isa = PBXBuildFile; fileRef = 63B7910128B5F21300C76A1A /* HalfModalPresentationController.swift */; };
		63B7910728B621FF00C76A1A /* URLs.swift in Sources */ = {isa = PBXBuildFile; fileRef = 63B7910628B621FF00C76A1A /* URLs.swift */; };
		63DD31FA28B763C6001266C9 /* RealLoginViewController.swift in Sources */ = {isa = PBXBuildFile; fileRef = 63DD31F928B763C6001266C9 /* RealLoginViewController.swift */; };
		63DD31FD28B76FEA001266C9 /* SignInRequest.swift in Sources */ = {isa = PBXBuildFile; fileRef = 63DD31FC28B76FEA001266C9 /* SignInRequest.swift */; };
		63DD320028B77003001266C9 /* SignInResponse.swift in Sources */ = {isa = PBXBuildFile; fileRef = 63DD31FF28B77003001266C9 /* SignInResponse.swift */; };
		63DD320528B79584001266C9 /* SellProductViewController.swift in Sources */ = {isa = PBXBuildFile; fileRef = 63DD320428B79584001266C9 /* SellProductViewController.swift */; };
		63DD320928B795CF001266C9 /* Category1ViewController.swift in Sources */ = {isa = PBXBuildFile; fileRef = 63DD320828B795CF001266C9 /* Category1ViewController.swift */; };
		63DD320B28B795EB001266C9 /* Category2ViewController.swift in Sources */ = {isa = PBXBuildFile; fileRef = 63DD320A28B795EB001266C9 /* Category2ViewController.swift */; };
		63DD320D28B795F8001266C9 /* Category3ViewController.swift in Sources */ = {isa = PBXBuildFile; fileRef = 63DD320C28B795F8001266C9 /* Category3ViewController.swift */; };
		63DD321128B799E5001266C9 /* CategoriesTableViewCell.swift in Sources */ = {isa = PBXBuildFile; fileRef = 63DD320F28B799E5001266C9 /* CategoriesTableViewCell.swift */; };
		63DD321228B799E5001266C9 /* CategoriesTableViewCell.xib in Resources */ = {isa = PBXBuildFile; fileRef = 63DD321028B799E5001266C9 /* CategoriesTableViewCell.xib */; };
		63DD321828B79B89001266C9 /* Category1DataManager.swift in Sources */ = {isa = PBXBuildFile; fileRef = 63DD321728B79B89001266C9 /* Category1DataManager.swift */; };
		63DD321A28B79C01001266C9 /* Category1Response.swift in Sources */ = {isa = PBXBuildFile; fileRef = 63DD321928B79C01001266C9 /* Category1Response.swift */; };
		63DD321E28B7A5EF001266C9 /* Category2DataManager.swift in Sources */ = {isa = PBXBuildFile; fileRef = 63DD321D28B7A5EF001266C9 /* Category2DataManager.swift */; };
		63DD322128B7A682001266C9 /* Category2Response.swift in Sources */ = {isa = PBXBuildFile; fileRef = 63DD322028B7A682001266C9 /* Category2Response.swift */; };
		63DD322628B7B00D001266C9 /* Category3Response.swift in Sources */ = {isa = PBXBuildFile; fileRef = 63DD322528B7B00D001266C9 /* Category3Response.swift */; };
		63DD322828B7B04D001266C9 /* Category3DataManager.swift in Sources */ = {isa = PBXBuildFile; fileRef = 63DD322728B7B04D001266C9 /* Category3DataManager.swift */; };
/* End PBXBuildFile section */

/* Begin PBXFileReference section */
		34923ABBA76551913AC7291F /* Pods-bunjang_ios_day.debug.xcconfig */ = {isa = PBXFileReference; includeInIndex = 1; lastKnownFileType = text.xcconfig; name = "Pods-bunjang_ios_day.debug.xcconfig"; path = "Target Support Files/Pods-bunjang_ios_day/Pods-bunjang_ios_day.debug.xcconfig"; sourceTree = "<group>"; };
		6305E06D28BCCF9D0042ED54 /* SmallCollectionViewCell.swift */ = {isa = PBXFileReference; lastKnownFileType = sourcecode.swift; path = SmallCollectionViewCell.swift; sourceTree = "<group>"; };
		6305E06E28BCCF9D0042ED54 /* SmallCollectionViewCell.xib */ = {isa = PBXFileReference; lastKnownFileType = file.xib; path = SmallCollectionViewCell.xib; sourceTree = "<group>"; };
		6305E07128BCD8EB0042ED54 /* MyPageViewController.swift */ = {isa = PBXFileReference; lastKnownFileType = sourcecode.swift; path = MyPageViewController.swift; sourceTree = "<group>"; };
		6314201E28B51BDE00F2D62A /* Home.storyboard */ = {isa = PBXFileReference; lastKnownFileType = file.storyboard; path = Home.storyboard; sourceTree = "<group>"; };
		6314202728B51D0E00F2D62A /* Section1CollectionViewCell.swift */ = {isa = PBXFileReference; lastKnownFileType = sourcecode.swift; path = Section1CollectionViewCell.swift; sourceTree = "<group>"; };
		6314202828B51D0E00F2D62A /* Section1CollectionViewCell.xib */ = {isa = PBXFileReference; lastKnownFileType = file.xib; path = Section1CollectionViewCell.xib; sourceTree = "<group>"; };
		6314203328B51D5700F2D62A /* Section2CollectionViewCell.swift */ = {isa = PBXFileReference; lastKnownFileType = sourcecode.swift; path = Section2CollectionViewCell.swift; sourceTree = "<group>"; };
		6314203428B51D5700F2D62A /* Section2CollectionViewCell.xib */ = {isa = PBXFileReference; lastKnownFileType = file.xib; path = Section2CollectionViewCell.xib; sourceTree = "<group>"; };
		6314203728B51D6A00F2D62A /* Section3CollectionViewCell.swift */ = {isa = PBXFileReference; lastKnownFileType = sourcecode.swift; path = Section3CollectionViewCell.swift; sourceTree = "<group>"; };
		6314203828B51D6A00F2D62A /* Section3CollectionViewCell.xib */ = {isa = PBXFileReference; lastKnownFileType = file.xib; path = Section3CollectionViewCell.xib; sourceTree = "<group>"; };
		6314203B28B51D8300F2D62A /* Section4CollectionViewCell.swift */ = {isa = PBXFileReference; lastKnownFileType = sourcecode.swift; path = Section4CollectionViewCell.swift; sourceTree = "<group>"; };
		6314203C28B51D8300F2D62A /* Section4CollectionViewCell.xib */ = {isa = PBXFileReference; lastKnownFileType = file.xib; path = Section4CollectionViewCell.xib; sourceTree = "<group>"; };
		6314203F28B51E1800F2D62A /* SmallMenuCollectionViewCell.swift */ = {isa = PBXFileReference; lastKnownFileType = sourcecode.swift; path = SmallMenuCollectionViewCell.swift; sourceTree = "<group>"; };
		6314204028B51E1800F2D62A /* SmallMenuCollectionViewCell.xib */ = {isa = PBXFileReference; lastKnownFileType = file.xib; path = SmallMenuCollectionViewCell.xib; sourceTree = "<group>"; };
		6314204328B5205400F2D62A /* MainCollectionViewController.swift */ = {isa = PBXFileReference; lastKnownFileType = sourcecode.swift; path = MainCollectionViewController.swift; sourceTree = "<group>"; };
		6314204528B5219700F2D62A /* AllMenus.storyboard */ = {isa = PBXFileReference; lastKnownFileType = file.storyboard; path = AllMenus.storyboard; sourceTree = "<group>"; };
		6318DA4728C08DC300F51923 /* DetailStoreResponse.swift */ = {isa = PBXFileReference; lastKnownFileType = sourcecode.swift; path = DetailStoreResponse.swift; sourceTree = "<group>"; };
		6318DA4928C08E6D00F51923 /* DetailStoreDataManager.swift */ = {isa = PBXFileReference; lastKnownFileType = sourcecode.swift; path = DetailStoreDataManager.swift; sourceTree = "<group>"; };
		6318DA4B28C097DE00F51923 /* DetailStoreViewController.swift */ = {isa = PBXFileReference; lastKnownFileType = sourcecode.swift; path = DetailStoreViewController.swift; sourceTree = "<group>"; };
		63290F1D28B3EA070010E120 /* Constants.swift */ = {isa = PBXFileReference; lastKnownFileType = sourcecode.swift; path = Constants.swift; sourceTree = "<group>"; };
		63290F1F28B3F3D90010E120 /* UIView.swift */ = {isa = PBXFileReference; lastKnownFileType = sourcecode.swift; path = UIView.swift; sourceTree = "<group>"; };
		6329F8CB28B3B73C0003A2B7 /* Image.swift */ = {isa = PBXFileReference; lastKnownFileType = sourcecode.swift; path = Image.swift; sourceTree = "<group>"; };
		63331CB428B6255E00E8FF09 /* SignUpDataManager.swift */ = {isa = PBXFileReference; lastKnownFileType = sourcecode.swift; path = SignUpDataManager.swift; sourceTree = "<group>"; };
		63331CB628B6257300E8FF09 /* SignInDataManager.swift */ = {isa = PBXFileReference; lastKnownFileType = sourcecode.swift; path = SignInDataManager.swift; sourceTree = "<group>"; };
		63331CBA28B625CA00E8FF09 /* SignUpRequest.swift */ = {isa = PBXFileReference; lastKnownFileType = sourcecode.swift; path = SignUpRequest.swift; sourceTree = "<group>"; };
		63331CBC28B625E300E8FF09 /* SignUpResponse.swift */ = {isa = PBXFileReference; lastKnownFileType = sourcecode.swift; path = SignUpResponse.swift; sourceTree = "<group>"; };
		63356F1028C0D80100AD2DD3 /* RootViewController.swift */ = {isa = PBXFileReference; lastKnownFileType = sourcecode.swift; path = RootViewController.swift; sourceTree = "<group>"; };
		63356F1228C1077A00AD2DD3 /* UpdateProductResponse.swift */ = {isa = PBXFileReference; lastKnownFileType = sourcecode.swift; path = UpdateProductResponse.swift; sourceTree = "<group>"; };
		63356F1428C1080200AD2DD3 /* UpdateProductRequest.swift */ = {isa = PBXFileReference; lastKnownFileType = sourcecode.swift; path = UpdateProductRequest.swift; sourceTree = "<group>"; };
		63356F1628C1090400AD2DD3 /* UpdateProductDataManager.swift */ = {isa = PBXFileReference; lastKnownFileType = sourcecode.swift; path = UpdateProductDataManager.swift; sourceTree = "<group>"; };
		63356F1A28C124C300AD2DD3 /* HomeFeedResponse.swift */ = {isa = PBXFileReference; lastKnownFileType = sourcecode.swift; path = HomeFeedResponse.swift; sourceTree = "<group>"; };
		63356F1C28C1270400AD2DD3 /* HomeFeedDataManager.swift */ = {isa = PBXFileReference; lastKnownFileType = sourcecode.swift; path = HomeFeedDataManager.swift; sourceTree = "<group>"; };
		63356F2028C191B200AD2DD3 /* SettingAddressViewController.swift */ = {isa = PBXFileReference; lastKnownFileType = sourcecode.swift; path = SettingAddressViewController.swift; sourceTree = "<group>"; };
		633D32AF28C0A82A0011238A /* ProfileGalleryViewController.swift */ = {isa = PBXFileReference; lastKnownFileType = sourcecode.swift; path = ProfileGalleryViewController.swift; sourceTree = "<group>"; };
		633D32B028C0A82A0011238A /* ProfileGalleryViewController.xib */ = {isa = PBXFileReference; lastKnownFileType = file.xib; path = ProfileGalleryViewController.xib; sourceTree = "<group>"; };
		633D32B328C0AA600011238A /* SmallPhotoCollectionViewCell.swift */ = {isa = PBXFileReference; lastKnownFileType = sourcecode.swift; path = SmallPhotoCollectionViewCell.swift; sourceTree = "<group>"; };
		633D32B428C0AA600011238A /* SmallPhotoCollectionViewCell.xib */ = {isa = PBXFileReference; lastKnownFileType = file.xib; path = SmallPhotoCollectionViewCell.xib; sourceTree = "<group>"; };
		633D32B928C0B46B0011238A /* UpdateStoreResponse.swift */ = {isa = PBXFileReference; lastKnownFileType = sourcecode.swift; path = UpdateStoreResponse.swift; sourceTree = "<group>"; };
		633D32BB28C0B4760011238A /* UpdateStoreRequest.swift */ = {isa = PBXFileReference; lastKnownFileType = sourcecode.swift; path = UpdateStoreRequest.swift; sourceTree = "<group>"; };
		633D32BD28C0B5590011238A /* UpdateStoreDataManager.swift */ = {isa = PBXFileReference; lastKnownFileType = sourcecode.swift; path = UpdateStoreDataManager.swift; sourceTree = "<group>"; };
		633FD31628C195CC00B3F919 /* SettingPayViewController.swift */ = {isa = PBXFileReference; lastKnownFileType = sourcecode.swift; path = SettingPayViewController.swift; sourceTree = "<group>"; };
		633FD31828C1977A00B3F919 /* SettingBlockViewController.swift */ = {isa = PBXFileReference; lastKnownFileType = sourcecode.swift; path = SettingBlockViewController.swift; sourceTree = "<group>"; };
		634135A728B8D02B00970C64 /* GallaryViewController.swift */ = {isa = PBXFileReference; lastKnownFileType = sourcecode.swift; path = GallaryViewController.swift; sourceTree = "<group>"; };
		634135A828B8D02B00970C64 /* GallaryViewController.xib */ = {isa = PBXFileReference; lastKnownFileType = file.xib; path = GallaryViewController.xib; sourceTree = "<group>"; };
		634135AD28B92CEC00970C64 /* RegistrationRequest.swift */ = {isa = PBXFileReference; lastKnownFileType = sourcecode.swift; path = RegistrationRequest.swift; sourceTree = "<group>"; };
		634135AF28B92D5D00970C64 /* RegistrationResponse.swift */ = {isa = PBXFileReference; lastKnownFileType = sourcecode.swift; path = RegistrationResponse.swift; sourceTree = "<group>"; };
		634135B128B92E5C00970C64 /* RegistrationDataManager.swift */ = {isa = PBXFileReference; lastKnownFileType = sourcecode.swift; path = RegistrationDataManager.swift; sourceTree = "<group>"; };
		634135B528B9341600970C64 /* GoogleService-Info.plist */ = {isa = PBXFileReference; fileEncoding = 4; lastKnownFileType = text.plist.xml; path = "GoogleService-Info.plist"; sourceTree = "<group>"; };
		634135B728B9378F00970C64 /* FirebaseStorageManager.swift */ = {isa = PBXFileReference; lastKnownFileType = sourcecode.swift; path = FirebaseStorageManager.swift; sourceTree = "<group>"; };
		634135B928B9381C00970C64 /* Date.swift */ = {isa = PBXFileReference; lastKnownFileType = sourcecode.swift; path = Date.swift; sourceTree = "<group>"; };
		634141BA28B27FB600A0A78B /* LoginViewController.swift */ = {isa = PBXFileReference; lastKnownFileType = sourcecode.swift; path = LoginViewController.swift; sourceTree = "<group>"; };
		635051DE28B5DDBC003D79AA /* OtherLoginViewController.swift */ = {isa = PBXFileReference; lastKnownFileType = sourcecode.swift; path = OtherLoginViewController.swift; sourceTree = "<group>"; };
		6361DBF628B8B703005BEB5C /* PhotoCollectionViewCell.swift */ = {isa = PBXFileReference; lastKnownFileType = sourcecode.swift; path = PhotoCollectionViewCell.swift; sourceTree = "<group>"; };
		6361DBF728B8B703005BEB5C /* PhotoCollectionViewCell.xib */ = {isa = PBXFileReference; lastKnownFileType = file.xib; path = PhotoCollectionViewCell.xib; sourceTree = "<group>"; };
		6374436328BFE1FC002DEE65 /* TalkViewController.swift */ = {isa = PBXFileReference; lastKnownFileType = sourcecode.swift; path = TalkViewController.swift; sourceTree = "<group>"; };
		63764EC128BE2653006CA4CD /* MyPageTableViewCell.swift */ = {isa = PBXFileReference; lastKnownFileType = sourcecode.swift; path = MyPageTableViewCell.swift; sourceTree = "<group>"; };
		63764EC228BE2653006CA4CD /* MyPageTableViewCell.xib */ = {isa = PBXFileReference; lastKnownFileType = file.xib; path = MyPageTableViewCell.xib; sourceTree = "<group>"; };
		63764EC528BE2A8F006CA4CD /* SalesResponse.swift */ = {isa = PBXFileReference; lastKnownFileType = sourcecode.swift; path = SalesResponse.swift; sourceTree = "<group>"; };
		63764EC728BE2AD6006CA4CD /* SalesDataManager.swift */ = {isa = PBXFileReference; lastKnownFileType = sourcecode.swift; path = SalesDataManager.swift; sourceTree = "<group>"; };
		63764EC928BE360E006CA4CD /* EmptyMyPageTableViewCell.swift */ = {isa = PBXFileReference; lastKnownFileType = sourcecode.swift; path = EmptyMyPageTableViewCell.swift; sourceTree = "<group>"; };
		63764ECA28BE360E006CA4CD /* EmptyMyPageTableViewCell.xib */ = {isa = PBXFileReference; lastKnownFileType = file.xib; path = EmptyMyPageTableViewCell.xib; sourceTree = "<group>"; };
		63764ECD28BE38B7006CA4CD /* ReservedResponse.swift */ = {isa = PBXFileReference; lastKnownFileType = sourcecode.swift; path = ReservedResponse.swift; sourceTree = "<group>"; };
		63764ECF28BE3922006CA4CD /* ReservedDataManager.swift */ = {isa = PBXFileReference; lastKnownFileType = sourcecode.swift; path = ReservedDataManager.swift; sourceTree = "<group>"; };
		63764ED128BE554B006CA4CD /* ClosedResponse.swift */ = {isa = PBXFileReference; lastKnownFileType = sourcecode.swift; path = ClosedResponse.swift; sourceTree = "<group>"; };
		63764ED328BE5583006CA4CD /* ClosedDataManager.swift */ = {isa = PBXFileReference; lastKnownFileType = sourcecode.swift; path = ClosedDataManager.swift; sourceTree = "<group>"; };
		6378813C28BBB94A00875C31 /* Registeration.storyboard */ = {isa = PBXFileReference; lastKnownFileType = file.storyboard; path = Registeration.storyboard; sourceTree = "<group>"; };
		6378814328BBBDEF00875C31 /* ProductSection1CollectionViewCell.swift */ = {isa = PBXFileReference; lastKnownFileType = sourcecode.swift; path = ProductSection1CollectionViewCell.swift; sourceTree = "<group>"; };
		6378814428BBBDEF00875C31 /* ProductSection1CollectionViewCell.xib */ = {isa = PBXFileReference; lastKnownFileType = file.xib; path = ProductSection1CollectionViewCell.xib; sourceTree = "<group>"; };
		6378814728BBBE3500875C31 /* ProductSection2CollectionViewCell.swift */ = {isa = PBXFileReference; lastKnownFileType = sourcecode.swift; path = ProductSection2CollectionViewCell.swift; sourceTree = "<group>"; };
		6378814828BBBE3500875C31 /* ProductSection2CollectionViewCell.xib */ = {isa = PBXFileReference; lastKnownFileType = file.xib; path = ProductSection2CollectionViewCell.xib; sourceTree = "<group>"; };
		6378814B28BBBE4600875C31 /* ProductSection3CollectionViewCell.swift */ = {isa = PBXFileReference; lastKnownFileType = sourcecode.swift; path = ProductSection3CollectionViewCell.swift; sourceTree = "<group>"; };
		6378814C28BBBE4600875C31 /* ProductSection3CollectionViewCell.xib */ = {isa = PBXFileReference; lastKnownFileType = file.xib; path = ProductSection3CollectionViewCell.xib; sourceTree = "<group>"; };
		6378814F28BBBF8C00875C31 /* DetailViewController.swift */ = {isa = PBXFileReference; lastKnownFileType = sourcecode.swift; path = DetailViewController.swift; sourceTree = "<group>"; };
		6378815128BBCFE100875C31 /* ProductSection4CollectionViewCell.swift */ = {isa = PBXFileReference; lastKnownFileType = sourcecode.swift; path = ProductSection4CollectionViewCell.swift; sourceTree = "<group>"; };
		6378815228BBCFE100875C31 /* ProductSection4CollectionViewCell.xib */ = {isa = PBXFileReference; lastKnownFileType = file.xib; path = ProductSection4CollectionViewCell.xib; sourceTree = "<group>"; };
		639287B328BF2D5D00CC19A3 /* RegisteredProductResponse.swift */ = {isa = PBXFileReference; lastKnownFileType = sourcecode.swift; path = RegisteredProductResponse.swift; sourceTree = "<group>"; };
		639287B528BF2ED400CC19A3 /* RegisteredProductDataManager.swift */ = {isa = PBXFileReference; lastKnownFileType = sourcecode.swift; path = RegisteredProductDataManager.swift; sourceTree = "<group>"; };
		639287B828BF3BC200CC19A3 /* SettingViewController.swift */ = {isa = PBXFileReference; lastKnownFileType = sourcecode.swift; path = SettingViewController.swift; sourceTree = "<group>"; };
		639287BA28BF405900CC19A3 /* SettingTableViewCell.swift */ = {isa = PBXFileReference; lastKnownFileType = sourcecode.swift; path = SettingTableViewCell.swift; sourceTree = "<group>"; };
		639287BB28BF405900CC19A3 /* SettingTableViewCell.xib */ = {isa = PBXFileReference; lastKnownFileType = file.xib; path = SettingTableViewCell.xib; sourceTree = "<group>"; };
		639287BF28BF5E2800CC19A3 /* Section2ViewController.swift */ = {isa = PBXFileReference; lastKnownFileType = sourcecode.swift; path = Section2ViewController.swift; sourceTree = "<group>"; };
		639287C528BFB88200CC19A3 /* DeleteProductResponse.swift */ = {isa = PBXFileReference; lastKnownFileType = sourcecode.swift; path = DeleteProductResponse.swift; sourceTree = "<group>"; };
		639287C728BFB8CE00CC19A3 /* DeleteProductDataManager.swift */ = {isa = PBXFileReference; lastKnownFileType = sourcecode.swift; path = DeleteProductDataManager.swift; sourceTree = "<group>"; };
		639287CA28BFC2EE00CC19A3 /* AccountSettingsViewController.swift */ = {isa = PBXFileReference; lastKnownFileType = sourcecode.swift; path = AccountSettingsViewController.swift; sourceTree = "<group>"; };
		639287D228BFC83E00CC19A3 /* Search.storyboard */ = {isa = PBXFileReference; lastKnownFileType = file.storyboard; path = Search.storyboard; sourceTree = "<group>"; };
		639287D428BFC87F00CC19A3 /* Talk.storyboard */ = {isa = PBXFileReference; lastKnownFileType = file.storyboard; path = Talk.storyboard; sourceTree = "<group>"; };
		639287D728BFCC7300CC19A3 /* SearchCollectionViewCell.swift */ = {isa = PBXFileReference; lastKnownFileType = sourcecode.swift; path = SearchCollectionViewCell.swift; sourceTree = "<group>"; };
		639287D828BFCC7300CC19A3 /* SearchCollectionViewCell.xib */ = {isa = PBXFileReference; lastKnownFileType = file.xib; path = SearchCollectionViewCell.xib; sourceTree = "<group>"; };
		639287DB28BFD07D00CC19A3 /* SearchViewController.swift */ = {isa = PBXFileReference; lastKnownFileType = sourcecode.swift; path = SearchViewController.swift; sourceTree = "<group>"; };
		63A3BEF528B4CB830055244C /* AllMenusViewController.swift */ = {isa = PBXFileReference; lastKnownFileType = sourcecode.swift; path = AllMenusViewController.swift; sourceTree = "<group>"; };
		63A3BEF728B4CB9E0055244C /* AllMenuPagerViewController.swift */ = {isa = PBXFileReference; lastKnownFileType = sourcecode.swift; path = AllMenuPagerViewController.swift; sourceTree = "<group>"; };
		63A3BEFA28B4CBC60055244C /* CategoriesViewController.swift */ = {isa = PBXFileReference; lastKnownFileType = sourcecode.swift; path = CategoriesViewController.swift; sourceTree = "<group>"; };
		63A3BEFC28B4CBEF0055244C /* BrandsViewController.swift */ = {isa = PBXFileReference; lastKnownFileType = sourcecode.swift; path = BrandsViewController.swift; sourceTree = "<group>"; };
		63A3BEFE28B4CC0D0055244C /* ServiceViewController.swift */ = {isa = PBXFileReference; lastKnownFileType = sourcecode.swift; path = ServiceViewController.swift; sourceTree = "<group>"; };
		63AD32C728B36CF70093204C /* ProductCollectionViewCell.swift */ = {isa = PBXFileReference; lastKnownFileType = sourcecode.swift; path = ProductCollectionViewCell.swift; sourceTree = "<group>"; };
		63AD32C828B36CF70093204C /* ProductCollectionViewCell.xib */ = {isa = PBXFileReference; lastKnownFileType = file.xib; path = ProductCollectionViewCell.xib; sourceTree = "<group>"; };
		63B5397E28B098F700D8FF4A /* bunjang_ios_day.app */ = {isa = PBXFileReference; explicitFileType = wrapper.application; includeInIndex = 0; path = bunjang_ios_day.app; sourceTree = BUILT_PRODUCTS_DIR; };
		63B5398128B098F700D8FF4A /* AppDelegate.swift */ = {isa = PBXFileReference; lastKnownFileType = sourcecode.swift; path = AppDelegate.swift; sourceTree = "<group>"; };
		63B5398328B098F700D8FF4A /* SceneDelegate.swift */ = {isa = PBXFileReference; lastKnownFileType = sourcecode.swift; path = SceneDelegate.swift; sourceTree = "<group>"; };
		63B5398528B098F700D8FF4A /* ViewController.swift */ = {isa = PBXFileReference; lastKnownFileType = sourcecode.swift; path = ViewController.swift; sourceTree = "<group>"; };
		63B5398828B098F700D8FF4A /* Base */ = {isa = PBXFileReference; lastKnownFileType = file.storyboard; name = Base; path = Base.lproj/Main.storyboard; sourceTree = "<group>"; };
		63B5398D28B098F700D8FF4A /* Base */ = {isa = PBXFileReference; lastKnownFileType = file.storyboard; name = Base; path = Base.lproj/LaunchScreen.storyboard; sourceTree = "<group>"; };
		63B5398F28B098F700D8FF4A /* Info.plist */ = {isa = PBXFileReference; lastKnownFileType = text.plist.xml; path = Info.plist; sourceTree = "<group>"; };
		63B5399928B13B9700D8FF4A /* SignUpViewController.swift */ = {isa = PBXFileReference; lastKnownFileType = sourcecode.swift; path = SignUpViewController.swift; sourceTree = "<group>"; };
		63B5399B28B2083300D8FF4A /* Assets.xcassets */ = {isa = PBXFileReference; lastKnownFileType = folder.assetcatalog; name = Assets.xcassets; path = ../../../../.Trash/Assets.xcassets; sourceTree = "<group>"; };
		63B539A228B24EDA00D8FF4A /* UIViewController.swift */ = {isa = PBXFileReference; lastKnownFileType = sourcecode.swift; path = UIViewController.swift; sourceTree = "<group>"; };
		63B5B81D28BDCA8C00B3B33E /* MyPageTabbarViewController.swift */ = {isa = PBXFileReference; lastKnownFileType = sourcecode.swift; path = MyPageTabbarViewController.swift; sourceTree = "<group>"; };
		63B5B81F28BDCBA100B3B33E /* SalesViewController.swift */ = {isa = PBXFileReference; lastKnownFileType = sourcecode.swift; path = SalesViewController.swift; sourceTree = "<group>"; };
		63B5B82128BDCC8000B3B33E /* ReservedViewController.swift */ = {isa = PBXFileReference; lastKnownFileType = sourcecode.swift; path = ReservedViewController.swift; sourceTree = "<group>"; };
		63B5B82328BDCCE600B3B33E /* ClosedViewController.swift */ = {isa = PBXFileReference; lastKnownFileType = sourcecode.swift; path = ClosedViewController.swift; sourceTree = "<group>"; };
		63B5B83028BDF28200B3B33E /* CountResponse.swift */ = {isa = PBXFileReference; lastKnownFileType = sourcecode.swift; path = CountResponse.swift; sourceTree = "<group>"; };
		63B5B83228BDF71700B3B33E /* MyPageCountDataManager.swift */ = {isa = PBXFileReference; lastKnownFileType = sourcecode.swift; path = MyPageCountDataManager.swift; sourceTree = "<group>"; };
		63B7910128B5F21300C76A1A /* HalfModalPresentationController.swift */ = {isa = PBXFileReference; lastKnownFileType = sourcecode.swift; path = HalfModalPresentationController.swift; sourceTree = "<group>"; };
		63B7910628B621FF00C76A1A /* URLs.swift */ = {isa = PBXFileReference; lastKnownFileType = sourcecode.swift; path = URLs.swift; sourceTree = "<group>"; };
		63DD31F928B763C6001266C9 /* RealLoginViewController.swift */ = {isa = PBXFileReference; lastKnownFileType = sourcecode.swift; path = RealLoginViewController.swift; sourceTree = "<group>"; };
		63DD31FC28B76FEA001266C9 /* SignInRequest.swift */ = {isa = PBXFileReference; lastKnownFileType = sourcecode.swift; path = SignInRequest.swift; sourceTree = "<group>"; };
		63DD31FF28B77003001266C9 /* SignInResponse.swift */ = {isa = PBXFileReference; lastKnownFileType = sourcecode.swift; path = SignInResponse.swift; sourceTree = "<group>"; };
		63DD320428B79584001266C9 /* SellProductViewController.swift */ = {isa = PBXFileReference; lastKnownFileType = sourcecode.swift; path = SellProductViewController.swift; sourceTree = "<group>"; };
		63DD320828B795CF001266C9 /* Category1ViewController.swift */ = {isa = PBXFileReference; lastKnownFileType = sourcecode.swift; path = Category1ViewController.swift; sourceTree = "<group>"; };
		63DD320A28B795EB001266C9 /* Category2ViewController.swift */ = {isa = PBXFileReference; lastKnownFileType = sourcecode.swift; path = Category2ViewController.swift; sourceTree = "<group>"; };
		63DD320C28B795F8001266C9 /* Category3ViewController.swift */ = {isa = PBXFileReference; lastKnownFileType = sourcecode.swift; path = Category3ViewController.swift; sourceTree = "<group>"; };
		63DD320F28B799E5001266C9 /* CategoriesTableViewCell.swift */ = {isa = PBXFileReference; lastKnownFileType = sourcecode.swift; path = CategoriesTableViewCell.swift; sourceTree = "<group>"; };
		63DD321028B799E5001266C9 /* CategoriesTableViewCell.xib */ = {isa = PBXFileReference; lastKnownFileType = file.xib; path = CategoriesTableViewCell.xib; sourceTree = "<group>"; };
		63DD321728B79B89001266C9 /* Category1DataManager.swift */ = {isa = PBXFileReference; lastKnownFileType = sourcecode.swift; path = Category1DataManager.swift; sourceTree = "<group>"; };
		63DD321928B79C01001266C9 /* Category1Response.swift */ = {isa = PBXFileReference; lastKnownFileType = sourcecode.swift; path = Category1Response.swift; sourceTree = "<group>"; };
		63DD321D28B7A5EF001266C9 /* Category2DataManager.swift */ = {isa = PBXFileReference; lastKnownFileType = sourcecode.swift; path = Category2DataManager.swift; sourceTree = "<group>"; };
		63DD322028B7A682001266C9 /* Category2Response.swift */ = {isa = PBXFileReference; lastKnownFileType = sourcecode.swift; path = Category2Response.swift; sourceTree = "<group>"; };
		63DD322528B7B00D001266C9 /* Category3Response.swift */ = {isa = PBXFileReference; lastKnownFileType = sourcecode.swift; path = Category3Response.swift; sourceTree = "<group>"; };
		63DD322728B7B04D001266C9 /* Category3DataManager.swift */ = {isa = PBXFileReference; lastKnownFileType = sourcecode.swift; path = Category3DataManager.swift; sourceTree = "<group>"; };
		8E2B99942B7CF8F5110B7E8C /* Pods_bunjang_ios_day.framework */ = {isa = PBXFileReference; explicitFileType = wrapper.framework; includeInIndex = 0; path = Pods_bunjang_ios_day.framework; sourceTree = BUILT_PRODUCTS_DIR; };
		927865A1A6D29867F7E98D54 /* Pods-bunjang_ios_day.release.xcconfig */ = {isa = PBXFileReference; includeInIndex = 1; lastKnownFileType = text.xcconfig; name = "Pods-bunjang_ios_day.release.xcconfig"; path = "Target Support Files/Pods-bunjang_ios_day/Pods-bunjang_ios_day.release.xcconfig"; sourceTree = "<group>"; };
/* End PBXFileReference section */

/* Begin PBXFrameworksBuildPhase section */
		63B5397B28B098F700D8FF4A /* Frameworks */ = {
			isa = PBXFrameworksBuildPhase;
			buildActionMask = 2147483647;
			files = (
				310ECF90D3E721C413CDD3DE /* Pods_bunjang_ios_day.framework in Frameworks */,
			);
			runOnlyForDeploymentPostprocessing = 0;
		};
/* End PBXFrameworksBuildPhase section */

/* Begin PBXGroup section */
		485393864B95A331A32076BB /* Pods */ = {
			isa = PBXGroup;
			children = (
				34923ABBA76551913AC7291F /* Pods-bunjang_ios_day.debug.xcconfig */,
				927865A1A6D29867F7E98D54 /* Pods-bunjang_ios_day.release.xcconfig */,
			);
			path = Pods;
			sourceTree = "<group>";
		};
		55EC5EFDFD8A142191FE03A3 /* Frameworks */ = {
			isa = PBXGroup;
			children = (
				8E2B99942B7CF8F5110B7E8C /* Pods_bunjang_ios_day.framework */,
			);
			name = Frameworks;
			sourceTree = "<group>";
		};
		6305E05B28BCB6E90042ED54 /* Detail */ = {
			isa = PBXGroup;
			children = (
				6378814F28BBBF8C00875C31 /* DetailViewController.swift */,
				6378813E28BBBAE200875C31 /* CollectionViewCells */,
			);
			path = Detail;
			sourceTree = "<group>";
		};
		6305E05C28BCB72D0042ED54 /* CollectionViewCell */ = {
			isa = PBXGroup;
			children = (
				633D32B328C0AA600011238A /* SmallPhotoCollectionViewCell.swift */,
				633D32B428C0AA600011238A /* SmallPhotoCollectionViewCell.xib */,
				6305E06D28BCCF9D0042ED54 /* SmallCollectionViewCell.swift */,
				6305E06E28BCCF9D0042ED54 /* SmallCollectionViewCell.xib */,
			);
			path = CollectionViewCell;
			sourceTree = "<group>";
		};
		6314202028B51C7400F2D62A /* Tabbar */ = {
			isa = PBXGroup;
			children = (
				639287D128BFC82B00CC19A3 /* Talk */,
				639287D028BFC7FD00CC19A3 /* Search */,
				6378813B28BBB90A00875C31 /* Registeration */,
				6314202128B51C8200F2D62A /* Home */,
			);
			path = Tabbar;
			sourceTree = "<group>";
		};
		6314202128B51C8200F2D62A /* Home */ = {
			isa = PBXGroup;
			children = (
				6314201E28B51BDE00F2D62A /* Home.storyboard */,
				6314204328B5205400F2D62A /* MainCollectionViewController.swift */,
				6314202228B51C9000F2D62A /* CollectionViewCells */,
			);
			path = Home;
			sourceTree = "<group>";
		};
		6314202228B51C9000F2D62A /* CollectionViewCells */ = {
			isa = PBXGroup;
			children = (
				6314202728B51D0E00F2D62A /* Section1CollectionViewCell.swift */,
				6314202828B51D0E00F2D62A /* Section1CollectionViewCell.xib */,
				6314203328B51D5700F2D62A /* Section2CollectionViewCell.swift */,
				6314203428B51D5700F2D62A /* Section2CollectionViewCell.xib */,
				6314203F28B51E1800F2D62A /* SmallMenuCollectionViewCell.swift */,
				6314204028B51E1800F2D62A /* SmallMenuCollectionViewCell.xib */,
				6314203728B51D6A00F2D62A /* Section3CollectionViewCell.swift */,
				6314203828B51D6A00F2D62A /* Section3CollectionViewCell.xib */,
				6314203B28B51D8300F2D62A /* Section4CollectionViewCell.swift */,
				6314203C28B51D8300F2D62A /* Section4CollectionViewCell.xib */,
				63AD32C728B36CF70093204C /* ProductCollectionViewCell.swift */,
				63AD32C828B36CF70093204C /* ProductCollectionViewCell.xib */,
			);
			path = CollectionViewCells;
			sourceTree = "<group>";
		};
		6318DA4428C08D7500F51923 /* Store */ = {
			isa = PBXGroup;
			children = (
				633D32B728C0B40B0011238A /* UpdateStore */,
				6318DA4528C08D8100F51923 /* DetailStore */,
			);
			path = Store;
			sourceTree = "<group>";
		};
		6318DA4528C08D8100F51923 /* DetailStore */ = {
			isa = PBXGroup;
			children = (
				6318DA4928C08E6D00F51923 /* DetailStoreDataManager.swift */,
				6318DA4628C08D9100F51923 /* Entity */,
			);
			path = DetailStore;
			sourceTree = "<group>";
		};
		6318DA4628C08D9100F51923 /* Entity */ = {
			isa = PBXGroup;
			children = (
				6318DA4728C08DC300F51923 /* DetailStoreResponse.swift */,
			);
			path = Entity;
			sourceTree = "<group>";
		};
		6329F8C928B3B6AA0003A2B7 /* Configuration */ = {
			isa = PBXGroup;
			children = (
				63B5398128B098F700D8FF4A /* AppDelegate.swift */,
				63B5398328B098F700D8FF4A /* SceneDelegate.swift */,
				63290F1D28B3EA070010E120 /* Constants.swift */,
			);
			path = Configuration;
			sourceTree = "<group>";
		};
		6329F8CA28B3B7260003A2B7 /* NameSpace */ = {
			isa = PBXGroup;
			children = (
				6329F8CB28B3B73C0003A2B7 /* Image.swift */,
				63B7910628B621FF00C76A1A /* URLs.swift */,
			);
			path = NameSpace;
			sourceTree = "<group>";
		};
		63331CB328B6251C00E8FF09 /* Entity */ = {
			isa = PBXGroup;
			children = (
				63331CBA28B625CA00E8FF09 /* SignUpRequest.swift */,
				63331CBC28B625E300E8FF09 /* SignUpResponse.swift */,
			);
			path = Entity;
			sourceTree = "<group>";
		};
		63331CB828B6258200E8FF09 /* SignIn */ = {
			isa = PBXGroup;
			children = (
				63331CB628B6257300E8FF09 /* SignInDataManager.swift */,
				63DD31FB28B76FA7001266C9 /* Entity */,
			);
			path = SignIn;
			sourceTree = "<group>";
		};
		63331CB928B6258B00E8FF09 /* SignUp */ = {
			isa = PBXGroup;
			children = (
				63331CB428B6255E00E8FF09 /* SignUpDataManager.swift */,
				63331CB328B6251C00E8FF09 /* Entity */,
			);
			path = SignUp;
			sourceTree = "<group>";
		};
		63356F1828C1238F00AD2DD3 /* Home */ = {
			isa = PBXGroup;
			children = (
				63356F1C28C1270400AD2DD3 /* HomeFeedDataManager.swift */,
				63356F1928C1239600AD2DD3 /* Entity */,
			);
			path = Home;
			sourceTree = "<group>";
		};
		63356F1928C1239600AD2DD3 /* Entity */ = {
			isa = PBXGroup;
			children = (
				63356F1A28C124C300AD2DD3 /* HomeFeedResponse.swift */,
			);
			path = Entity;
			sourceTree = "<group>";
		};
		633D32B728C0B40B0011238A /* UpdateStore */ = {
			isa = PBXGroup;
			children = (
				633D32BD28C0B5590011238A /* UpdateStoreDataManager.swift */,
				633D32B828C0B4130011238A /* Entity */,
			);
			path = UpdateStore;
			sourceTree = "<group>";
		};
		633D32B828C0B4130011238A /* Entity */ = {
			isa = PBXGroup;
			children = (
				633D32BB28C0B4760011238A /* UpdateStoreRequest.swift */,
				633D32B928C0B46B0011238A /* UpdateStoreResponse.swift */,
			);
			path = Entity;
			sourceTree = "<group>";
		};
		634135AB28B92CC700970C64 /* Registration */ = {
			isa = PBXGroup;
			children = (
				639287C228BFA13D00CC19A3 /* Delete */,
				639287C128BFA13400CC19A3 /* Update */,
				639287B228BF2D1A00CC19A3 /* Read */,
				639287B128BF2D0700CC19A3 /* Add */,
			);
			path = Registration;
			sourceTree = "<group>";
		};
		634135AC28B92CD900970C64 /* Entity */ = {
			isa = PBXGroup;
			children = (
				634135AD28B92CEC00970C64 /* RegistrationRequest.swift */,
				634135AF28B92D5D00970C64 /* RegistrationResponse.swift */,
			);
			path = Entity;
			sourceTree = "<group>";
		};
		6378813B28BBB90A00875C31 /* Registeration */ = {
			isa = PBXGroup;
			children = (
				6378813C28BBB94A00875C31 /* Registeration.storyboard */,
				63DD320428B79584001266C9 /* SellProductViewController.swift */,
				63DD320828B795CF001266C9 /* Category1ViewController.swift */,
				63DD320A28B795EB001266C9 /* Category2ViewController.swift */,
				63DD320C28B795F8001266C9 /* Category3ViewController.swift */,
				634135A728B8D02B00970C64 /* GallaryViewController.swift */,
				634135A828B8D02B00970C64 /* GallaryViewController.xib */,
				6361DBF628B8B703005BEB5C /* PhotoCollectionViewCell.swift */,
				6361DBF728B8B703005BEB5C /* PhotoCollectionViewCell.xib */,
				63DD320F28B799E5001266C9 /* CategoriesTableViewCell.swift */,
				63DD321028B799E5001266C9 /* CategoriesTableViewCell.xib */,
			);
			path = Registeration;
			sourceTree = "<group>";
		};
		6378813E28BBBAE200875C31 /* CollectionViewCells */ = {
			isa = PBXGroup;
			children = (
				6378814328BBBDEF00875C31 /* ProductSection1CollectionViewCell.swift */,
				6378814428BBBDEF00875C31 /* ProductSection1CollectionViewCell.xib */,
				6378814728BBBE3500875C31 /* ProductSection2CollectionViewCell.swift */,
				6378814828BBBE3500875C31 /* ProductSection2CollectionViewCell.xib */,
				6378814B28BBBE4600875C31 /* ProductSection3CollectionViewCell.swift */,
				6378814C28BBBE4600875C31 /* ProductSection3CollectionViewCell.xib */,
				6378815128BBCFE100875C31 /* ProductSection4CollectionViewCell.swift */,
				6378815228BBCFE100875C31 /* ProductSection4CollectionViewCell.xib */,
			);
			path = CollectionViewCells;
			sourceTree = "<group>";
		};
		639287B128BF2D0700CC19A3 /* Add */ = {
			isa = PBXGroup;
			children = (
				634135B728B9378F00970C64 /* FirebaseStorageManager.swift */,
				634135B128B92E5C00970C64 /* RegistrationDataManager.swift */,
				634135AC28B92CD900970C64 /* Entity */,
			);
			path = Add;
			sourceTree = "<group>";
		};
		639287B228BF2D1A00CC19A3 /* Read */ = {
			isa = PBXGroup;
			children = (
				639287B528BF2ED400CC19A3 /* RegisteredProductDataManager.swift */,
				639287B728BF2EE400CC19A3 /* Entity */,
			);
			path = Read;
			sourceTree = "<group>";
		};
		639287B728BF2EE400CC19A3 /* Entity */ = {
			isa = PBXGroup;
			children = (
				639287B328BF2D5D00CC19A3 /* RegisteredProductResponse.swift */,
			);
			path = Entity;
			sourceTree = "<group>";
		};
		639287C128BFA13400CC19A3 /* Update */ = {
			isa = PBXGroup;
			children = (
				63356F1628C1090400AD2DD3 /* UpdateProductDataManager.swift */,
				639287C328BFA14200CC19A3 /* Entity */,
			);
			path = Update;
			sourceTree = "<group>";
		};
		639287C228BFA13D00CC19A3 /* Delete */ = {
			isa = PBXGroup;
			children = (
				639287C728BFB8CE00CC19A3 /* DeleteProductDataManager.swift */,
				639287C428BFA14700CC19A3 /* Entity */,
			);
			path = Delete;
			sourceTree = "<group>";
		};
		639287C328BFA14200CC19A3 /* Entity */ = {
			isa = PBXGroup;
			children = (
				63356F1428C1080200AD2DD3 /* UpdateProductRequest.swift */,
				63356F1228C1077A00AD2DD3 /* UpdateProductResponse.swift */,
			);
			path = Entity;
			sourceTree = "<group>";
		};
		639287C428BFA14700CC19A3 /* Entity */ = {
			isa = PBXGroup;
			children = (
				639287C528BFB88200CC19A3 /* DeleteProductResponse.swift */,
			);
			path = Entity;
			sourceTree = "<group>";
		};
		639287C928BFC2AD00CC19A3 /* Setting */ = {
			isa = PBXGroup;
			children = (
				639287B828BF3BC200CC19A3 /* SettingViewController.swift */,
				639287CA28BFC2EE00CC19A3 /* AccountSettingsViewController.swift */,
				639287BF28BF5E2800CC19A3 /* Section2ViewController.swift */,
				63356F2028C191B200AD2DD3 /* SettingAddressViewController.swift */,
				633FD31628C195CC00B3F919 /* SettingPayViewController.swift */,
				633FD31828C1977A00B3F919 /* SettingBlockViewController.swift */,
			);
			path = Setting;
			sourceTree = "<group>";
		};
		639287D028BFC7FD00CC19A3 /* Search */ = {
			isa = PBXGroup;
			children = (
				639287D228BFC83E00CC19A3 /* Search.storyboard */,
				639287DB28BFD07D00CC19A3 /* SearchViewController.swift */,
				639287D628BFCC3000CC19A3 /* CollectionViewCells */,
			);
			path = Search;
			sourceTree = "<group>";
		};
		639287D128BFC82B00CC19A3 /* Talk */ = {
			isa = PBXGroup;
			children = (
				639287D428BFC87F00CC19A3 /* Talk.storyboard */,
				6374436328BFE1FC002DEE65 /* TalkViewController.swift */,
			);
			path = Talk;
			sourceTree = "<group>";
		};
		639287D628BFCC3000CC19A3 /* CollectionViewCells */ = {
			isa = PBXGroup;
			children = (
				639287D728BFCC7300CC19A3 /* SearchCollectionViewCell.swift */,
				639287D828BFCC7300CC19A3 /* SearchCollectionViewCell.xib */,
			);
			path = CollectionViewCells;
			sourceTree = "<group>";
		};
		63A3BEF428B4CB3C0055244C /* AllMenus */ = {
			isa = PBXGroup;
			children = (
				6314204528B5219700F2D62A /* AllMenus.storyboard */,
				63A3BEF528B4CB830055244C /* AllMenusViewController.swift */,
				63A3BEF728B4CB9E0055244C /* AllMenuPagerViewController.swift */,
				63A3BEFA28B4CBC60055244C /* CategoriesViewController.swift */,
				63A3BEFC28B4CBEF0055244C /* BrandsViewController.swift */,
				63A3BEFE28B4CC0D0055244C /* ServiceViewController.swift */,
			);
			name = AllMenus;
			path = "전체메뉴";
			sourceTree = "<group>";
		};
		63B5397528B098F700D8FF4A = {
			isa = PBXGroup;
			children = (
				63B5398028B098F700D8FF4A /* bunjang_ios_day */,
				63B5397F28B098F700D8FF4A /* Products */,
				485393864B95A331A32076BB /* Pods */,
				55EC5EFDFD8A142191FE03A3 /* Frameworks */,
			);
			sourceTree = "<group>";
		};
		63B5397F28B098F700D8FF4A /* Products */ = {
			isa = PBXGroup;
			children = (
				63B5397E28B098F700D8FF4A /* bunjang_ios_day.app */,
			);
			name = Products;
			sourceTree = "<group>";
		};
		63B5398028B098F700D8FF4A /* bunjang_ios_day */ = {
			isa = PBXGroup;
			children = (
				6329F8C928B3B6AA0003A2B7 /* Configuration */,
				63B539A028B24E8400D8FF4A /* Util */,
				63B5399728B13B2F00D8FF4A /* Source */,
				63B5399B28B2083300D8FF4A /* Assets.xcassets */,
				63B5398C28B098F700D8FF4A /* LaunchScreen.storyboard */,
				63B5398F28B098F700D8FF4A /* Info.plist */,
				634135B528B9341600970C64 /* GoogleService-Info.plist */,
			);
			path = bunjang_ios_day;
			sourceTree = "<group>";
		};
		63B5399728B13B2F00D8FF4A /* Source */ = {
			isa = PBXGroup;
			children = (
				63B5398528B098F700D8FF4A /* ViewController.swift */,
				63B7910328B620C200C76A1A /* ViewControllers */,
				63B7910428B620E700C76A1A /* Network */,
			);
			path = Source;
			sourceTree = "<group>";
		};
		63B539A028B24E8400D8FF4A /* Util */ = {
			isa = PBXGroup;
			children = (
				63B7910128B5F21300C76A1A /* HalfModalPresentationController.swift */,
				6329F8CA28B3B7260003A2B7 /* NameSpace */,
				63B539A128B24EA800D8FF4A /* Extension */,
			);
			path = Util;
			sourceTree = "<group>";
		};
		63B539A128B24EA800D8FF4A /* Extension */ = {
			isa = PBXGroup;
			children = (
				63B539A228B24EDA00D8FF4A /* UIViewController.swift */,
				63290F1F28B3F3D90010E120 /* UIView.swift */,
				634135B928B9381C00970C64 /* Date.swift */,
			);
			path = Extension;
			sourceTree = "<group>";
		};
		63B5B82528BDD9E300B3B33E /* TableViewCells */ = {
			isa = PBXGroup;
			children = (
				63764EC128BE2653006CA4CD /* MyPageTableViewCell.swift */,
				63764EC228BE2653006CA4CD /* MyPageTableViewCell.xib */,
				63764EC928BE360E006CA4CD /* EmptyMyPageTableViewCell.swift */,
				63764ECA28BE360E006CA4CD /* EmptyMyPageTableViewCell.xib */,
				639287BA28BF405900CC19A3 /* SettingTableViewCell.swift */,
				639287BB28BF405900CC19A3 /* SettingTableViewCell.xib */,
			);
			path = TableViewCells;
			sourceTree = "<group>";
		};
		63B5B82628BDDA0900B3B33E /* MyPage */ = {
			isa = PBXGroup;
			children = (
				6305E07128BCD8EB0042ED54 /* MyPageViewController.swift */,
				63B5B81D28BDCA8C00B3B33E /* MyPageTabbarViewController.swift */,
				63B5B81F28BDCBA100B3B33E /* SalesViewController.swift */,
				63B5B82128BDCC8000B3B33E /* ReservedViewController.swift */,
				63B5B82328BDCCE600B3B33E /* ClosedViewController.swift */,
				6318DA4B28C097DE00F51923 /* DetailStoreViewController.swift */,
				633D32AF28C0A82A0011238A /* ProfileGalleryViewController.swift */,
				633D32B028C0A82A0011238A /* ProfileGalleryViewController.xib */,
				639287C928BFC2AD00CC19A3 /* Setting */,
				63B5B82528BDD9E300B3B33E /* TableViewCells */,
				6305E05C28BCB72D0042ED54 /* CollectionViewCell */,
			);
			path = MyPage;
			sourceTree = "<group>";
		};
		63B5B82728BDDD5E00B3B33E /* MyPage */ = {
			isa = PBXGroup;
			children = (
				63B5B82828BDEE6200B3B33E /* Count */,
				63B5B82928BDEE7000B3B33E /* Sale */,
				63B5B82A28BDEE7A00B3B33E /* Reserved */,
				63B5B82B28BDEE8E00B3B33E /* Closed */,
			);
			path = MyPage;
			sourceTree = "<group>";
		};
		63B5B82828BDEE6200B3B33E /* Count */ = {
			isa = PBXGroup;
			children = (
				63B5B83228BDF71700B3B33E /* MyPageCountDataManager.swift */,
				63B5B82C28BDEEA600B3B33E /* Entity */,
			);
			path = Count;
			sourceTree = "<group>";
		};
		63B5B82928BDEE7000B3B33E /* Sale */ = {
			isa = PBXGroup;
			children = (
				63764EC728BE2AD6006CA4CD /* SalesDataManager.swift */,
				63B5B82D28BDEEAF00B3B33E /* Entity */,
			);
			path = Sale;
			sourceTree = "<group>";
		};
		63B5B82A28BDEE7A00B3B33E /* Reserved */ = {
			isa = PBXGroup;
			children = (
				63764ECF28BE3922006CA4CD /* ReservedDataManager.swift */,
				63B5B82E28BDEEB300B3B33E /* Entity */,
			);
			path = Reserved;
			sourceTree = "<group>";
		};
		63B5B82B28BDEE8E00B3B33E /* Closed */ = {
			isa = PBXGroup;
			children = (
				63764ED328BE5583006CA4CD /* ClosedDataManager.swift */,
				63B5B82F28BDEEB700B3B33E /* Entity */,
			);
			path = Closed;
			sourceTree = "<group>";
		};
		63B5B82C28BDEEA600B3B33E /* Entity */ = {
			isa = PBXGroup;
			children = (
				63B5B83028BDF28200B3B33E /* CountResponse.swift */,
			);
			path = Entity;
			sourceTree = "<group>";
		};
		63B5B82D28BDEEAF00B3B33E /* Entity */ = {
			isa = PBXGroup;
			children = (
				63764EC528BE2A8F006CA4CD /* SalesResponse.swift */,
			);
			path = Entity;
			sourceTree = "<group>";
		};
		63B5B82E28BDEEB300B3B33E /* Entity */ = {
			isa = PBXGroup;
			children = (
				63764ECD28BE38B7006CA4CD /* ReservedResponse.swift */,
			);
			path = Entity;
			sourceTree = "<group>";
		};
		63B5B82F28BDEEB700B3B33E /* Entity */ = {
			isa = PBXGroup;
			children = (
				63764ED128BE554B006CA4CD /* ClosedResponse.swift */,
			);
			path = Entity;
			sourceTree = "<group>";
		};
		63B7910328B620C200C76A1A /* ViewControllers */ = {
			isa = PBXGroup;
			children = (
				63B5398728B098F700D8FF4A /* Main.storyboard */,
				63356F1028C0D80100AD2DD3 /* RootViewController.swift */,
				63B5B82628BDDA0900B3B33E /* MyPage */,
				63DD320328B7955E001266C9 /* Login */,
				6305E05B28BCB6E90042ED54 /* Detail */,
				6314202028B51C7400F2D62A /* Tabbar */,
				63A3BEF428B4CB3C0055244C /* AllMenus */,
			);
			path = ViewControllers;
			sourceTree = "<group>";
		};
		63B7910428B620E700C76A1A /* Network */ = {
			isa = PBXGroup;
			children = (
				63356F1828C1238F00AD2DD3 /* Home */,
				6318DA4428C08D7500F51923 /* Store */,
				63B5B82728BDDD5E00B3B33E /* MyPage */,
				634135AB28B92CC700970C64 /* Registration */,
				63DD320E28B7962D001266C9 /* Category */,
				63331CB928B6258B00E8FF09 /* SignUp */,
				63331CB828B6258200E8FF09 /* SignIn */,
			);
			path = Network;
			sourceTree = "<group>";
		};
		63DD31FB28B76FA7001266C9 /* Entity */ = {
			isa = PBXGroup;
			children = (
				63DD31FC28B76FEA001266C9 /* SignInRequest.swift */,
				63DD31FF28B77003001266C9 /* SignInResponse.swift */,
			);
			path = Entity;
			sourceTree = "<group>";
		};
		63DD320328B7955E001266C9 /* Login */ = {
			isa = PBXGroup;
			children = (
				63B5399928B13B9700D8FF4A /* SignUpViewController.swift */,
				634141BA28B27FB600A0A78B /* LoginViewController.swift */,
				635051DE28B5DDBC003D79AA /* OtherLoginViewController.swift */,
				63DD31F928B763C6001266C9 /* RealLoginViewController.swift */,
			);
			path = Login;
			sourceTree = "<group>";
		};
		63DD320E28B7962D001266C9 /* Category */ = {
			isa = PBXGroup;
			children = (
				63DD321328B79B45001266C9 /* depth1 */,
				63DD321428B79B4B001266C9 /* depth2 */,
				63DD321528B79B52001266C9 /* depth3 */,
			);
			path = Category;
			sourceTree = "<group>";
		};
		63DD321328B79B45001266C9 /* depth1 */ = {
			isa = PBXGroup;
			children = (
				63DD321728B79B89001266C9 /* Category1DataManager.swift */,
				63DD321628B79B65001266C9 /* Entity */,
			);
			path = depth1;
			sourceTree = "<group>";
		};
		63DD321428B79B4B001266C9 /* depth2 */ = {
			isa = PBXGroup;
			children = (
				63DD321D28B7A5EF001266C9 /* Category2DataManager.swift */,
				63DD321F28B7A676001266C9 /* Entity */,
			);
			path = depth2;
			sourceTree = "<group>";
		};
		63DD321528B79B52001266C9 /* depth3 */ = {
			isa = PBXGroup;
			children = (
				63DD322728B7B04D001266C9 /* Category3DataManager.swift */,
				63DD322428B7AFE2001266C9 /* Entity */,
			);
			path = depth3;
			sourceTree = "<group>";
		};
		63DD321628B79B65001266C9 /* Entity */ = {
			isa = PBXGroup;
			children = (
				63DD321928B79C01001266C9 /* Category1Response.swift */,
			);
			path = Entity;
			sourceTree = "<group>";
		};
		63DD321F28B7A676001266C9 /* Entity */ = {
			isa = PBXGroup;
			children = (
				63DD322028B7A682001266C9 /* Category2Response.swift */,
			);
			path = Entity;
			sourceTree = "<group>";
		};
		63DD322428B7AFE2001266C9 /* Entity */ = {
			isa = PBXGroup;
			children = (
				63DD322528B7B00D001266C9 /* Category3Response.swift */,
			);
			path = Entity;
			sourceTree = "<group>";
		};
/* End PBXGroup section */

/* Begin PBXNativeTarget section */
		63B5397D28B098F700D8FF4A /* bunjang_ios_day */ = {
			isa = PBXNativeTarget;
			buildConfigurationList = 63B5399228B098F700D8FF4A /* Build configuration list for PBXNativeTarget "bunjang_ios_day" */;
			buildPhases = (
				B25DD68B00A9AB22C6BFEF71 /* [CP] Check Pods Manifest.lock */,
				63B5397A28B098F700D8FF4A /* Sources */,
				63B5397B28B098F700D8FF4A /* Frameworks */,
				63B5397C28B098F700D8FF4A /* Resources */,
				90A0B5F46CF5F2B8D3E0A000 /* [CP] Embed Pods Frameworks */,
			);
			buildRules = (
			);
			dependencies = (
			);
			name = bunjang_ios_day;
			productName = bunjang_ios_day;
			productReference = 63B5397E28B098F700D8FF4A /* bunjang_ios_day.app */;
			productType = "com.apple.product-type.application";
		};
/* End PBXNativeTarget section */

/* Begin PBXProject section */
		63B5397628B098F700D8FF4A /* Project object */ = {
			isa = PBXProject;
			attributes = {
				BuildIndependentTargetsInParallel = 1;
				LastSwiftUpdateCheck = 1340;
				LastUpgradeCheck = 1340;
				TargetAttributes = {
					63B5397D28B098F700D8FF4A = {
						CreatedOnToolsVersion = 13.4.1;
					};
				};
			};
			buildConfigurationList = 63B5397928B098F700D8FF4A /* Build configuration list for PBXProject "bunjang_ios_day" */;
			compatibilityVersion = "Xcode 13.0";
			developmentRegion = en;
			hasScannedForEncodings = 0;
			knownRegions = (
				en,
				Base,
			);
			mainGroup = 63B5397528B098F700D8FF4A;
			productRefGroup = 63B5397F28B098F700D8FF4A /* Products */;
			projectDirPath = "";
			projectRoot = "";
			targets = (
				63B5397D28B098F700D8FF4A /* bunjang_ios_day */,
			);
		};
/* End PBXProject section */

/* Begin PBXResourcesBuildPhase section */
		63B5397C28B098F700D8FF4A /* Resources */ = {
			isa = PBXResourcesBuildPhase;
			buildActionMask = 2147483647;
			files = (
				639287D528BFC87F00CC19A3 /* Talk.storyboard in Resources */,
				6378814628BBBDEF00875C31 /* ProductSection1CollectionViewCell.xib in Resources */,
				6378814A28BBBE3500875C31 /* ProductSection2CollectionViewCell.xib in Resources */,
				639287BD28BF405900CC19A3 /* SettingTableViewCell.xib in Resources */,
				633D32B628C0AA600011238A /* SmallPhotoCollectionViewCell.xib in Resources */,
				6314204228B51E1800F2D62A /* SmallMenuCollectionViewCell.xib in Resources */,
				63B5398E28B098F700D8FF4A /* LaunchScreen.storyboard in Resources */,
				634135B628B9341600970C64 /* GoogleService-Info.plist in Resources */,
				6314202A28B51D0E00F2D62A /* Section1CollectionViewCell.xib in Resources */,
				63764ECC28BE360E006CA4CD /* EmptyMyPageTableViewCell.xib in Resources */,
				6314201F28B51BDE00F2D62A /* Home.storyboard in Resources */,
				6314203628B51D5700F2D62A /* Section2CollectionViewCell.xib in Resources */,
				63B5399C28B2083300D8FF4A /* Assets.xcassets in Resources */,
				639287DA28BFCC7300CC19A3 /* SearchCollectionViewCell.xib in Resources */,
				63AD32CA28B36CF70093204C /* ProductCollectionViewCell.xib in Resources */,
				633D32B228C0A82A0011238A /* ProfileGalleryViewController.xib in Resources */,
				63764EC428BE2653006CA4CD /* MyPageTableViewCell.xib in Resources */,
				6314203E28B51D8300F2D62A /* Section4CollectionViewCell.xib in Resources */,
				639287D328BFC83E00CC19A3 /* Search.storyboard in Resources */,
				6378815428BBCFE100875C31 /* ProductSection4CollectionViewCell.xib in Resources */,
				6361DBF928B8B703005BEB5C /* PhotoCollectionViewCell.xib in Resources */,
				634135AA28B8D02B00970C64 /* GallaryViewController.xib in Resources */,
				6378814E28BBBE4600875C31 /* ProductSection3CollectionViewCell.xib in Resources */,
				6314204628B5219700F2D62A /* AllMenus.storyboard in Resources */,
				63DD321228B799E5001266C9 /* CategoriesTableViewCell.xib in Resources */,
				6314203A28B51D6A00F2D62A /* Section3CollectionViewCell.xib in Resources */,
				63B5398928B098F700D8FF4A /* Main.storyboard in Resources */,
				6378813D28BBB94A00875C31 /* Registeration.storyboard in Resources */,
				6305E07028BCCF9D0042ED54 /* SmallCollectionViewCell.xib in Resources */,
			);
			runOnlyForDeploymentPostprocessing = 0;
		};
/* End PBXResourcesBuildPhase section */

/* Begin PBXShellScriptBuildPhase section */
		90A0B5F46CF5F2B8D3E0A000 /* [CP] Embed Pods Frameworks */ = {
			isa = PBXShellScriptBuildPhase;
			buildActionMask = 2147483647;
			files = (
			);
			inputFileListPaths = (
				"${PODS_ROOT}/Target Support Files/Pods-bunjang_ios_day/Pods-bunjang_ios_day-frameworks-${CONFIGURATION}-input-files.xcfilelist",
			);
			name = "[CP] Embed Pods Frameworks";
			outputFileListPaths = (
				"${PODS_ROOT}/Target Support Files/Pods-bunjang_ios_day/Pods-bunjang_ios_day-frameworks-${CONFIGURATION}-output-files.xcfilelist",
			);
			runOnlyForDeploymentPostprocessing = 0;
			shellPath = /bin/sh;
			shellScript = "\"${PODS_ROOT}/Target Support Files/Pods-bunjang_ios_day/Pods-bunjang_ios_day-frameworks.sh\"\n";
			showEnvVarsInLog = 0;
		};
		B25DD68B00A9AB22C6BFEF71 /* [CP] Check Pods Manifest.lock */ = {
			isa = PBXShellScriptBuildPhase;
			buildActionMask = 2147483647;
			files = (
			);
			inputFileListPaths = (
			);
			inputPaths = (
				"${PODS_PODFILE_DIR_PATH}/Podfile.lock",
				"${PODS_ROOT}/Manifest.lock",
			);
			name = "[CP] Check Pods Manifest.lock";
			outputFileListPaths = (
			);
			outputPaths = (
				"$(DERIVED_FILE_DIR)/Pods-bunjang_ios_day-checkManifestLockResult.txt",
			);
			runOnlyForDeploymentPostprocessing = 0;
			shellPath = /bin/sh;
			shellScript = "diff \"${PODS_PODFILE_DIR_PATH}/Podfile.lock\" \"${PODS_ROOT}/Manifest.lock\" > /dev/null\nif [ $? != 0 ] ; then\n    # print error to STDERR\n    echo \"error: The sandbox is not in sync with the Podfile.lock. Run 'pod install' or update your CocoaPods installation.\" >&2\n    exit 1\nfi\n# This output is used by Xcode 'outputs' to avoid re-running this script phase.\necho \"SUCCESS\" > \"${SCRIPT_OUTPUT_FILE_0}\"\n";
			showEnvVarsInLog = 0;
		};
/* End PBXShellScriptBuildPhase section */

/* Begin PBXSourcesBuildPhase section */
		63B5397A28B098F700D8FF4A /* Sources */ = {
			isa = PBXSourcesBuildPhase;
			buildActionMask = 2147483647;
			files = (
				63B539A328B24EDA00D8FF4A /* UIViewController.swift in Sources */,
				63B5B82028BDCBA100B3B33E /* SalesViewController.swift in Sources */,
				639287B928BF3BC200CC19A3 /* SettingViewController.swift in Sources */,
				63B5B83328BDF71700B3B33E /* MyPageCountDataManager.swift in Sources */,
				63DD31FD28B76FEA001266C9 /* SignInRequest.swift in Sources */,
				6318DA4828C08DC300F51923 /* DetailStoreResponse.swift in Sources */,
				639287C028BF5E2800CC19A3 /* Section2ViewController.swift in Sources */,
				6378814D28BBBE4600875C31 /* ProductSection3CollectionViewCell.swift in Sources */,
				63764ED028BE3922006CA4CD /* ReservedDataManager.swift in Sources */,
				63B5398628B098F700D8FF4A /* ViewController.swift in Sources */,
				63331CB528B6255E00E8FF09 /* SignUpDataManager.swift in Sources */,
				639287DC28BFD07D00CC19A3 /* SearchViewController.swift in Sources */,
				63764EC328BE2653006CA4CD /* MyPageTableViewCell.swift in Sources */,
				63331CB728B6257300E8FF09 /* SignInDataManager.swift in Sources */,
				63356F1528C1080200AD2DD3 /* UpdateProductRequest.swift in Sources */,
				63DD322828B7B04D001266C9 /* Category3DataManager.swift in Sources */,
				63764ECB28BE360E006CA4CD /* EmptyMyPageTableViewCell.swift in Sources */,
				63B7910228B5F21300C76A1A /* HalfModalPresentationController.swift in Sources */,
				639287B628BF2ED400CC19A3 /* RegisteredProductDataManager.swift in Sources */,
				63A3BEFF28B4CC0D0055244C /* ServiceViewController.swift in Sources */,
				633FD31728C195CC00B3F919 /* SettingPayViewController.swift in Sources */,
				63A3BEF628B4CB830055244C /* AllMenusViewController.swift in Sources */,
				63356F1128C0D80100AD2DD3 /* RootViewController.swift in Sources */,
				6361DBF828B8B703005BEB5C /* PhotoCollectionViewCell.swift in Sources */,
				6314204428B5205400F2D62A /* MainCollectionViewController.swift in Sources */,
				63356F1728C1090400AD2DD3 /* UpdateProductDataManager.swift in Sources */,
				6318DA4A28C08E6D00F51923 /* DetailStoreDataManager.swift in Sources */,
				63B5398228B098F700D8FF4A /* AppDelegate.swift in Sources */,
				63B5B83128BDF28200B3B33E /* CountResponse.swift in Sources */,
				6305E06F28BCCF9D0042ED54 /* SmallCollectionViewCell.swift in Sources */,
				634135AE28B92CEC00970C64 /* RegistrationRequest.swift in Sources */,
				63DD320528B79584001266C9 /* SellProductViewController.swift in Sources */,
				633D32BA28C0B46B0011238A /* UpdateStoreResponse.swift in Sources */,
				63356F2128C191B200AD2DD3 /* SettingAddressViewController.swift in Sources */,
				63B5B82228BDCC8000B3B33E /* ReservedViewController.swift in Sources */,
				63DD320B28B795EB001266C9 /* Category2ViewController.swift in Sources */,
				634135B028B92D5D00970C64 /* RegistrationResponse.swift in Sources */,
				6378814928BBBE3500875C31 /* ProductSection2CollectionViewCell.swift in Sources */,
				6329F8CC28B3B73C0003A2B7 /* Image.swift in Sources */,
				63356F1328C1077A00AD2DD3 /* UpdateProductResponse.swift in Sources */,
				6318DA4C28C097DE00F51923 /* DetailStoreViewController.swift in Sources */,
				63DD320D28B795F8001266C9 /* Category3ViewController.swift in Sources */,
				6378815028BBBF8C00875C31 /* DetailViewController.swift in Sources */,
				63A3BEF828B4CB9E0055244C /* AllMenuPagerViewController.swift in Sources */,
				634135A928B8D02B00970C64 /* GallaryViewController.swift in Sources */,
				639287B428BF2D5D00CC19A3 /* RegisteredProductResponse.swift in Sources */,
				634141BB28B27FB600A0A78B /* LoginViewController.swift in Sources */,
				63DD320928B795CF001266C9 /* Category1ViewController.swift in Sources */,
				6314203928B51D6A00F2D62A /* Section3CollectionViewCell.swift in Sources */,
				6314203D28B51D8300F2D62A /* Section4CollectionViewCell.swift in Sources */,
				633D32BC28C0B4760011238A /* UpdateStoreRequest.swift in Sources */,
				63DD31FA28B763C6001266C9 /* RealLoginViewController.swift in Sources */,
				63331CBB28B625CA00E8FF09 /* SignUpRequest.swift in Sources */,
				63B5398428B098F700D8FF4A /* SceneDelegate.swift in Sources */,
				6374436428BFE1FC002DEE65 /* TalkViewController.swift in Sources */,
				63356F1B28C124C300AD2DD3 /* HomeFeedResponse.swift in Sources */,
				63331CBD28B625E300E8FF09 /* SignUpResponse.swift in Sources */,
				63764ED428BE5583006CA4CD /* ClosedDataManager.swift in Sources */,
				6314203528B51D5700F2D62A /* Section2CollectionViewCell.swift in Sources */,
				63B5399A28B13B9700D8FF4A /* SignUpViewController.swift in Sources */,
				63DD322128B7A682001266C9 /* Category2Response.swift in Sources */,
				6314202928B51D0E00F2D62A /* Section1CollectionViewCell.swift in Sources */,
				633FD31928C1977A00B3F919 /* SettingBlockViewController.swift in Sources */,
				633D32B128C0A82A0011238A /* ProfileGalleryViewController.swift in Sources */,
				639287C828BFB8CE00CC19A3 /* DeleteProductDataManager.swift in Sources */,
				63356F1D28C1270400AD2DD3 /* HomeFeedDataManager.swift in Sources */,
				6378814528BBBDEF00875C31 /* ProductSection1CollectionViewCell.swift in Sources */,
				635051DF28B5DDBC003D79AA /* OtherLoginViewController.swift in Sources */,
				633D32BE28C0B5590011238A /* UpdateStoreDataManager.swift in Sources */,
				63DD321828B79B89001266C9 /* Category1DataManager.swift in Sources */,
				63DD321A28B79C01001266C9 /* Category1Response.swift in Sources */,
				63B5B82428BDCCE600B3B33E /* ClosedViewController.swift in Sources */,
				63290F2028B3F3D90010E120 /* UIView.swift in Sources */,
				634135B228B92E5C00970C64 /* RegistrationDataManager.swift in Sources */,
				634135BA28B9381C00970C64 /* Date.swift in Sources */,
				6314204128B51E1800F2D62A /* SmallMenuCollectionViewCell.swift in Sources */,
				63DD321128B799E5001266C9 /* CategoriesTableViewCell.swift in Sources */,
				63B5B81E28BDCA8C00B3B33E /* MyPageTabbarViewController.swift in Sources */,
				63B7910728B621FF00C76A1A /* URLs.swift in Sources */,
				63764EC628BE2A8F006CA4CD /* SalesResponse.swift in Sources */,
				6378815328BBCFE100875C31 /* ProductSection4CollectionViewCell.swift in Sources */,
				634135B828B9378F00970C64 /* FirebaseStorageManager.swift in Sources */,
				63DD322628B7B00D001266C9 /* Category3Response.swift in Sources */,
				639287CB28BFC2EE00CC19A3 /* AccountSettingsViewController.swift in Sources */,
				63764EC828BE2AD6006CA4CD /* SalesDataManager.swift in Sources */,
				633D32B528C0AA600011238A /* SmallPhotoCollectionViewCell.swift in Sources */,
				63DD321E28B7A5EF001266C9 /* Category2DataManager.swift in Sources */,
				63A3BEFD28B4CBEF0055244C /* BrandsViewController.swift in Sources */,
				6305E07228BCD8EB0042ED54 /* MyPageViewController.swift in Sources */,
				63290F1E28B3EA070010E120 /* Constants.swift in Sources */,
				63DD320028B77003001266C9 /* SignInResponse.swift in Sources */,
				63764ECE28BE38B7006CA4CD /* ReservedResponse.swift in Sources */,
				639287D928BFCC7300CC19A3 /* SearchCollectionViewCell.swift in Sources */,
				63AD32C928B36CF70093204C /* ProductCollectionViewCell.swift in Sources */,
				63764ED228BE554B006CA4CD /* ClosedResponse.swift in Sources */,
				639287C628BFB88200CC19A3 /* DeleteProductResponse.swift in Sources */,
				639287BC28BF405900CC19A3 /* SettingTableViewCell.swift in Sources */,
				63A3BEFB28B4CBC60055244C /* CategoriesViewController.swift in Sources */,
			);
			runOnlyForDeploymentPostprocessing = 0;
		};
/* End PBXSourcesBuildPhase section */

/* Begin PBXVariantGroup section */
		63B5398728B098F700D8FF4A /* Main.storyboard */ = {
			isa = PBXVariantGroup;
			children = (
				63B5398828B098F700D8FF4A /* Base */,
			);
			name = Main.storyboard;
			sourceTree = "<group>";
		};
		63B5398C28B098F700D8FF4A /* LaunchScreen.storyboard */ = {
			isa = PBXVariantGroup;
			children = (
				63B5398D28B098F700D8FF4A /* Base */,
			);
			name = LaunchScreen.storyboard;
			sourceTree = "<group>";
		};
/* End PBXVariantGroup section */

/* Begin XCBuildConfiguration section */
		63B5399028B098F700D8FF4A /* Debug */ = {
			isa = XCBuildConfiguration;
			buildSettings = {
				ALWAYS_SEARCH_USER_PATHS = NO;
				CLANG_ANALYZER_NONNULL = YES;
				CLANG_ANALYZER_NUMBER_OBJECT_CONVERSION = YES_AGGRESSIVE;
				CLANG_CXX_LANGUAGE_STANDARD = "gnu++17";
				CLANG_ENABLE_MODULES = YES;
				CLANG_ENABLE_OBJC_ARC = YES;
				CLANG_ENABLE_OBJC_WEAK = YES;
				CLANG_WARN_BLOCK_CAPTURE_AUTORELEASING = YES;
				CLANG_WARN_BOOL_CONVERSION = YES;
				CLANG_WARN_COMMA = YES;
				CLANG_WARN_CONSTANT_CONVERSION = YES;
				CLANG_WARN_DEPRECATED_OBJC_IMPLEMENTATIONS = YES;
				CLANG_WARN_DIRECT_OBJC_ISA_USAGE = YES_ERROR;
				CLANG_WARN_DOCUMENTATION_COMMENTS = YES;
				CLANG_WARN_EMPTY_BODY = YES;
				CLANG_WARN_ENUM_CONVERSION = YES;
				CLANG_WARN_INFINITE_RECURSION = YES;
				CLANG_WARN_INT_CONVERSION = YES;
				CLANG_WARN_NON_LITERAL_NULL_CONVERSION = YES;
				CLANG_WARN_OBJC_IMPLICIT_RETAIN_SELF = YES;
				CLANG_WARN_OBJC_LITERAL_CONVERSION = YES;
				CLANG_WARN_OBJC_ROOT_CLASS = YES_ERROR;
				CLANG_WARN_QUOTED_INCLUDE_IN_FRAMEWORK_HEADER = YES;
				CLANG_WARN_RANGE_LOOP_ANALYSIS = YES;
				CLANG_WARN_STRICT_PROTOTYPES = YES;
				CLANG_WARN_SUSPICIOUS_MOVE = YES;
				CLANG_WARN_UNGUARDED_AVAILABILITY = YES_AGGRESSIVE;
				CLANG_WARN_UNREACHABLE_CODE = YES;
				CLANG_WARN__DUPLICATE_METHOD_MATCH = YES;
				COPY_PHASE_STRIP = NO;
				DEBUG_INFORMATION_FORMAT = dwarf;
				ENABLE_STRICT_OBJC_MSGSEND = YES;
				ENABLE_TESTABILITY = YES;
				GCC_C_LANGUAGE_STANDARD = gnu11;
				GCC_DYNAMIC_NO_PIC = NO;
				GCC_NO_COMMON_BLOCKS = YES;
				GCC_OPTIMIZATION_LEVEL = 0;
				GCC_PREPROCESSOR_DEFINITIONS = (
					"DEBUG=1",
					"$(inherited)",
				);
				GCC_WARN_64_TO_32_BIT_CONVERSION = YES;
				GCC_WARN_ABOUT_RETURN_TYPE = YES_ERROR;
				GCC_WARN_UNDECLARED_SELECTOR = YES;
				GCC_WARN_UNINITIALIZED_AUTOS = YES_AGGRESSIVE;
				GCC_WARN_UNUSED_FUNCTION = YES;
				GCC_WARN_UNUSED_VARIABLE = YES;
				IPHONEOS_DEPLOYMENT_TARGET = 15.5;
				MTL_ENABLE_DEBUG_INFO = INCLUDE_SOURCE;
				MTL_FAST_MATH = YES;
				ONLY_ACTIVE_ARCH = YES;
				SDKROOT = iphoneos;
				SWIFT_ACTIVE_COMPILATION_CONDITIONS = DEBUG;
				SWIFT_OPTIMIZATION_LEVEL = "-Onone";
			};
			name = Debug;
		};
		63B5399128B098F700D8FF4A /* Release */ = {
			isa = XCBuildConfiguration;
			buildSettings = {
				ALWAYS_SEARCH_USER_PATHS = NO;
				CLANG_ANALYZER_NONNULL = YES;
				CLANG_ANALYZER_NUMBER_OBJECT_CONVERSION = YES_AGGRESSIVE;
				CLANG_CXX_LANGUAGE_STANDARD = "gnu++17";
				CLANG_ENABLE_MODULES = YES;
				CLANG_ENABLE_OBJC_ARC = YES;
				CLANG_ENABLE_OBJC_WEAK = YES;
				CLANG_WARN_BLOCK_CAPTURE_AUTORELEASING = YES;
				CLANG_WARN_BOOL_CONVERSION = YES;
				CLANG_WARN_COMMA = YES;
				CLANG_WARN_CONSTANT_CONVERSION = YES;
				CLANG_WARN_DEPRECATED_OBJC_IMPLEMENTATIONS = YES;
				CLANG_WARN_DIRECT_OBJC_ISA_USAGE = YES_ERROR;
				CLANG_WARN_DOCUMENTATION_COMMENTS = YES;
				CLANG_WARN_EMPTY_BODY = YES;
				CLANG_WARN_ENUM_CONVERSION = YES;
				CLANG_WARN_INFINITE_RECURSION = YES;
				CLANG_WARN_INT_CONVERSION = YES;
				CLANG_WARN_NON_LITERAL_NULL_CONVERSION = YES;
				CLANG_WARN_OBJC_IMPLICIT_RETAIN_SELF = YES;
				CLANG_WARN_OBJC_LITERAL_CONVERSION = YES;
				CLANG_WARN_OBJC_ROOT_CLASS = YES_ERROR;
				CLANG_WARN_QUOTED_INCLUDE_IN_FRAMEWORK_HEADER = YES;
				CLANG_WARN_RANGE_LOOP_ANALYSIS = YES;
				CLANG_WARN_STRICT_PROTOTYPES = YES;
				CLANG_WARN_SUSPICIOUS_MOVE = YES;
				CLANG_WARN_UNGUARDED_AVAILABILITY = YES_AGGRESSIVE;
				CLANG_WARN_UNREACHABLE_CODE = YES;
				CLANG_WARN__DUPLICATE_METHOD_MATCH = YES;
				COPY_PHASE_STRIP = NO;
				DEBUG_INFORMATION_FORMAT = "dwarf-with-dsym";
				ENABLE_NS_ASSERTIONS = NO;
				ENABLE_STRICT_OBJC_MSGSEND = YES;
				GCC_C_LANGUAGE_STANDARD = gnu11;
				GCC_NO_COMMON_BLOCKS = YES;
				GCC_WARN_64_TO_32_BIT_CONVERSION = YES;
				GCC_WARN_ABOUT_RETURN_TYPE = YES_ERROR;
				GCC_WARN_UNDECLARED_SELECTOR = YES;
				GCC_WARN_UNINITIALIZED_AUTOS = YES_AGGRESSIVE;
				GCC_WARN_UNUSED_FUNCTION = YES;
				GCC_WARN_UNUSED_VARIABLE = YES;
				IPHONEOS_DEPLOYMENT_TARGET = 15.5;
				MTL_ENABLE_DEBUG_INFO = NO;
				MTL_FAST_MATH = YES;
				SDKROOT = iphoneos;
				SWIFT_COMPILATION_MODE = wholemodule;
				SWIFT_OPTIMIZATION_LEVEL = "-O";
				VALIDATE_PRODUCT = YES;
			};
			name = Release;
		};
		63B5399328B098F700D8FF4A /* Debug */ = {
			isa = XCBuildConfiguration;
			baseConfigurationReference = 34923ABBA76551913AC7291F /* Pods-bunjang_ios_day.debug.xcconfig */;
			buildSettings = {
				ASSETCATALOG_COMPILER_APPICON_NAME = AppIcon;
				ASSETCATALOG_COMPILER_GLOBAL_ACCENT_COLOR_NAME = AccentColor;
				CODE_SIGN_STYLE = Automatic;
				CURRENT_PROJECT_VERSION = 1;
				DEVELOPMENT_TEAM = HD3Z2H8T5S;
				GENERATE_INFOPLIST_FILE = YES;
				INFOPLIST_FILE = bunjang_ios_day/Info.plist;
				INFOPLIST_KEY_NSPhotoLibraryUsageDescription = "사진 좀 써도 될까용 😊";
				INFOPLIST_KEY_UIApplicationSupportsIndirectInputEvents = YES;
				INFOPLIST_KEY_UILaunchStoryboardName = LaunchScreen;
				INFOPLIST_KEY_UIMainStoryboardFile = Main;
				INFOPLIST_KEY_UISupportedInterfaceOrientations_iPad = "UIInterfaceOrientationPortrait UIInterfaceOrientationPortraitUpsideDown UIInterfaceOrientationLandscapeLeft UIInterfaceOrientationLandscapeRight";
				INFOPLIST_KEY_UISupportedInterfaceOrientations_iPhone = "UIInterfaceOrientationPortrait UIInterfaceOrientationLandscapeLeft UIInterfaceOrientationLandscapeRight";
				LD_RUNPATH_SEARCH_PATHS = (
					"$(inherited)",
					"@executable_path/Frameworks",
				);
				MARKETING_VERSION = 1.0;
				PRODUCT_BUNDLE_IDENTIFIER = "com.xxday.bunjang-ios-day";
				PRODUCT_NAME = "$(TARGET_NAME)";
				SWIFT_EMIT_LOC_STRINGS = YES;
				SWIFT_VERSION = 5.0;
				TARGETED_DEVICE_FAMILY = 1;
			};
			name = Debug;
		};
		63B5399428B098F700D8FF4A /* Release */ = {
			isa = XCBuildConfiguration;
			baseConfigurationReference = 927865A1A6D29867F7E98D54 /* Pods-bunjang_ios_day.release.xcconfig */;
			buildSettings = {
				ASSETCATALOG_COMPILER_APPICON_NAME = AppIcon;
				ASSETCATALOG_COMPILER_GLOBAL_ACCENT_COLOR_NAME = AccentColor;
				CODE_SIGN_STYLE = Automatic;
				CURRENT_PROJECT_VERSION = 1;
				DEVELOPMENT_TEAM = HD3Z2H8T5S;
				GENERATE_INFOPLIST_FILE = YES;
				INFOPLIST_FILE = bunjang_ios_day/Info.plist;
				INFOPLIST_KEY_NSPhotoLibraryUsageDescription = "사진 좀 써도 될까용 😊";
				INFOPLIST_KEY_UIApplicationSupportsIndirectInputEvents = YES;
				INFOPLIST_KEY_UILaunchStoryboardName = LaunchScreen;
				INFOPLIST_KEY_UIMainStoryboardFile = Main;
				INFOPLIST_KEY_UISupportedInterfaceOrientations_iPad = "UIInterfaceOrientationPortrait UIInterfaceOrientationPortraitUpsideDown UIInterfaceOrientationLandscapeLeft UIInterfaceOrientationLandscapeRight";
				INFOPLIST_KEY_UISupportedInterfaceOrientations_iPhone = "UIInterfaceOrientationPortrait UIInterfaceOrientationLandscapeLeft UIInterfaceOrientationLandscapeRight";
				LD_RUNPATH_SEARCH_PATHS = (
					"$(inherited)",
					"@executable_path/Frameworks",
				);
				MARKETING_VERSION = 1.0;
				PRODUCT_BUNDLE_IDENTIFIER = "com.xxday.bunjang-ios-day";
				PRODUCT_NAME = "$(TARGET_NAME)";
				SWIFT_EMIT_LOC_STRINGS = YES;
				SWIFT_VERSION = 5.0;
				TARGETED_DEVICE_FAMILY = 1;
			};
			name = Release;
		};
/* End XCBuildConfiguration section */

/* Begin XCConfigurationList section */
		63B5397928B098F700D8FF4A /* Build configuration list for PBXProject "bunjang_ios_day" */ = {
			isa = XCConfigurationList;
			buildConfigurations = (
				63B5399028B098F700D8FF4A /* Debug */,
				63B5399128B098F700D8FF4A /* Release */,
			);
			defaultConfigurationIsVisible = 0;
			defaultConfigurationName = Release;
		};
		63B5399228B098F700D8FF4A /* Build configuration list for PBXNativeTarget "bunjang_ios_day" */ = {
			isa = XCConfigurationList;
			buildConfigurations = (
				63B5399328B098F700D8FF4A /* Debug */,
				63B5399428B098F700D8FF4A /* Release */,
			);
			defaultConfigurationIsVisible = 0;
			defaultConfigurationName = Release;
		};
/* End XCConfigurationList section */
	};
	rootObject = 63B5397628B098F700D8FF4A /* Project object */;
}
