PODS:
  - ImageSlideshow (1.9.2):
    - ImageSlideshow/Core (= 1.9.2)
  - ImageSlideshow/Core (1.9.2)

DEPENDENCIES:
  - ImageSlideshow (~> 1.9.0)

SPEC REPOS:
  trunk:
    - ImageSlideshow

SPEC CHECKSUMS:
  ImageSlideshow: be305b54eaf2b2cfc7a7141c7c734605d44dc07d

PODFILE CHECKSUM: a19eb7acf6b17d27b07618f1d76b88cc52d98860

COCOAPODS: 1.11.3
